// !$*UTF8*$!
{
	archiveVersion = 1;
	classes = {
	};
	objectVersion = 50;
	objects = {

/* Begin PBXBuildFile section */
		FA52BE4022BB88FD004501C7 /* AppDelegate.swift in Sources */ = {isa = PBXBuildFile; fileRef = FA52BE3F22BB88FD004501C7 /* AppDelegate.swift */; };
		FA52BE4222BB88FD004501C7 /* ViewController.swift in Sources */ = {isa = PBXBuildFile; fileRef = FA52BE4122BB88FD004501C7 /* ViewController.swift */; };
		FA52BE4522BB88FD004501C7 /* Main.storyboard in Resources */ = {isa = PBXBuildFile; fileRef = FA52BE4322BB88FD004501C7 /* Main.storyboard */; };
		FA52BE4822BB88FD004501C7 /* one_to_fifty.xcdatamodeld in Sources */ = {isa = PBXBuildFile; fileRef = FA52BE4622BB88FD004501C7 /* one_to_fifty.xcdatamodeld */; };
		FA52BE4A22BB8903004501C7 /* Assets.xcassets in Resources */ = {isa = PBXBuildFile; fileRef = FA52BE4922BB8903004501C7 /* Assets.xcassets */; };
		FA52BE4D22BB8903004501C7 /* LaunchScreen.storyboard in Resources */ = {isa = PBXBuildFile; fileRef = FA52BE4B22BB8903004501C7 /* LaunchScreen.storyboard */; };
		FA52BE5822BB8904004501C7 /* one_to_fiftyTests.swift in Sources */ = {isa = PBXBuildFile; fileRef = FA52BE5722BB8904004501C7 /* one_to_fiftyTests.swift */; };
		FA52BE6322BB8904004501C7 /* one_to_fiftyUITests.swift in Sources */ = {isa = PBXBuildFile; fileRef = FA52BE6222BB8904004501C7 /* one_to_fiftyUITests.swift */; };
/* End PBXBuildFile section */

/* Begin PBXContainerItemProxy section */
		FA52BE5422BB8904004501C7 /* PBXContainerItemProxy */ = {
			isa = PBXContainerItemProxy;
			containerPortal = FA52BE3422BB88FD004501C7 /* Project object */;
			proxyType = 1;
			remoteGlobalIDString = FA52BE3B22BB88FD004501C7;
			remoteInfo = "one to fifty";
		};
		FA52BE5F22BB8904004501C7 /* PBXContainerItemProxy */ = {
			isa = PBXContainerItemProxy;
			containerPortal = FA52BE3422BB88FD004501C7 /* Project object */;
			proxyType = 1;
			remoteGlobalIDString = FA52BE3B22BB88FD004501C7;
			remoteInfo = "one to fifty";
		};
/* End PBXContainerItemProxy section */

/* Begin PBXFileReference section */
		FA52BE3C22BB88FD004501C7 /* one to fifty.app */ = {isa = PBXFileReference; explicitFileType = wrapper.application; includeInIndex = 0; path = "one to fifty.app"; sourceTree = BUILT_PRODUCTS_DIR; };
		FA52BE3F22BB88FD004501C7 /* AppDelegate.swift */ = {isa = PBXFileReference; lastKnownFileType = sourcecode.swift; path = AppDelegate.swift; sourceTree = "<group>"; };
		FA52BE4122BB88FD004501C7 /* ViewController.swift */ = {isa = PBXFileReference; lastKnownFileType = sourcecode.swift; path = ViewController.swift; sourceTree = "<group>"; };
		FA52BE4422BB88FD004501C7 /* Base */ = {isa = PBXFileReference; lastKnownFileType = file.storyboard; name = Base; path = Base.lproj/Main.storyboard; sourceTree = "<group>"; };
		FA52BE4722BB88FD004501C7 /* one_to_fifty.xcdatamodel */ = {isa = PBXFileReference; lastKnownFileType = wrapper.xcdatamodel; path = one_to_fifty.xcdatamodel; sourceTree = "<group>"; };
		FA52BE4922BB8903004501C7 /* Assets.xcassets */ = {isa = PBXFileReference; lastKnownFileType = folder.assetcatalog; path = Assets.xcassets; sourceTree = "<group>"; };
		FA52BE4C22BB8903004501C7 /* Base */ = {isa = PBXFileReference; lastKnownFileType = file.storyboard; name = Base; path = Base.lproj/LaunchScreen.storyboard; sourceTree = "<group>"; };
		FA52BE4E22BB8903004501C7 /* Info.plist */ = {isa = PBXFileReference; lastKnownFileType = text.plist.xml; path = Info.plist; sourceTree = "<group>"; };
		FA52BE5322BB8904004501C7 /* one to fiftyTests.xctest */ = {isa = PBXFileReference; explicitFileType = wrapper.cfbundle; includeInIndex = 0; path = "one to fiftyTests.xctest"; sourceTree = BUILT_PRODUCTS_DIR; };
		FA52BE5722BB8904004501C7 /* one_to_fiftyTests.swift */ = {isa = PBXFileReference; lastKnownFileType = sourcecode.swift; path = one_to_fiftyTests.swift; sourceTree = "<group>"; };
		FA52BE5922BB8904004501C7 /* Info.plist */ = {isa = PBXFileReference; lastKnownFileType = text.plist.xml; path = Info.plist; sourceTree = "<group>"; };
		FA52BE5E22BB8904004501C7 /* one to fiftyUITests.xctest */ = {isa = PBXFileReference; explicitFileType = wrapper.cfbundle; includeInIndex = 0; path = "one to fiftyUITests.xctest"; sourceTree = BUILT_PRODUCTS_DIR; };
		FA52BE6222BB8904004501C7 /* one_to_fiftyUITests.swift */ = {isa = PBXFileReference; lastKnownFileType = sourcecode.swift; path = one_to_fiftyUITests.swift; sourceTree = "<group>"; };
		FA52BE6422BB8904004501C7 /* Info.plist */ = {isa = PBXFileReference; lastKnownFileType = text.plist.xml; path = Info.plist; sourceTree = "<group>"; };
/* End PBXFileReference section */

/* Begin PBXFrameworksBuildPhase section */
		FA52BE3922BB88FD004501C7 /* Frameworks */ = {
			isa = PBXFrameworksBuildPhase;
			buildActionMask = 2147483647;
			files = (
			);
			runOnlyForDeploymentPostprocessing = 0;
		};
		FA52BE5022BB8904004501C7 /* Frameworks */ = {
			isa = PBXFrameworksBuildPhase;
			buildActionMask = 2147483647;
			files = (
			);
			runOnlyForDeploymentPostprocessing = 0;
		};
		FA52BE5B22BB8904004501C7 /* Frameworks */ = {
			isa = PBXFrameworksBuildPhase;
			buildActionMask = 2147483647;
			files = (
			);
			runOnlyForDeploymentPostprocessing = 0;
		};
/* End PBXFrameworksBuildPhase section */

/* Begin PBXGroup section */
		FA52BE3322BB88FD004501C7 = {
			isa = PBXGroup;
			children = (
				FA52BE3E22BB88FD004501C7 /* one to fifty */,
				FA52BE5622BB8904004501C7 /* one to fiftyTests */,
				FA52BE6122BB8904004501C7 /* one to fiftyUITests */,
				FA52BE3D22BB88FD004501C7 /* Products */,
			);
			sourceTree = "<group>";
		};
		FA52BE3D22BB88FD004501C7 /* Products */ = {
			isa = PBXGroup;
			children = (
				FA52BE3C22BB88FD004501C7 /* one to fifty.app */,
				FA52BE5322BB8904004501C7 /* one to fiftyTests.xctest */,
				FA52BE5E22BB8904004501C7 /* one to fiftyUITests.xctest */,
			);
			name = Products;
			sourceTree = "<group>";
		};
		FA52BE3E22BB88FD004501C7 /* one to fifty */ = {
			isa = PBXGroup;
			children = (
				FA52BE3F22BB88FD004501C7 /* AppDelegate.swift */,
				FA52BE4122BB88FD004501C7 /* ViewController.swift */,
				FA52BE4322BB88FD004501C7 /* Main.storyboard */,
				FA52BE4922BB8903004501C7 /* Assets.xcassets */,
				FA52BE4B22BB8903004501C7 /* LaunchScreen.storyboard */,
				FA52BE4E22BB8903004501C7 /* Info.plist */,
				FA52BE4622BB88FD004501C7 /* one_to_fifty.xcdatamodeld */,
			);
			path = "one to fifty";
			sourceTree = "<group>";
		};
		FA52BE5622BB8904004501C7 /* one to fiftyTests */ = {
			isa = PBXGroup;
			children = (
				FA52BE5722BB8904004501C7 /* one_to_fiftyTests.swift */,
				FA52BE5922BB8904004501C7 /* Info.plist */,
			);
			path = "one to fiftyTests";
			sourceTree = "<group>";
		};
		FA52BE6122BB8904004501C7 /* one to fiftyUITests */ = {
			isa = PBXGroup;
			children = (
				FA52BE6222BB8904004501C7 /* one_to_fiftyUITests.swift */,
				FA52BE6422BB8904004501C7 /* Info.plist */,
			);
			path = "one to fiftyUITests";
			sourceTree = "<group>";
		};
/* End PBXGroup section */

/* Begin PBXNativeTarget section */
		FA52BE3B22BB88FD004501C7 /* one to fifty */ = {
			isa = PBXNativeTarget;
			buildConfigurationList = FA52BE6722BB8904004501C7 /* Build configuration list for PBXNativeTarget "one to fifty" */;
			buildPhases = (
				FA52BE3822BB88FD004501C7 /* Sources */,
				FA52BE3922BB88FD004501C7 /* Frameworks */,
				FA52BE3A22BB88FD004501C7 /* Resources */,
			);
			buildRules = (
			);
			dependencies = (
			);
			name = "one to fifty";
			productName = "one to fifty";
			productReference = FA52BE3C22BB88FD004501C7 /* one to fifty.app */;
			productType = "com.apple.product-type.application";
		};
		FA52BE5222BB8904004501C7 /* one to fiftyTests */ = {
			isa = PBXNativeTarget;
			buildConfigurationList = FA52BE6A22BB8904004501C7 /* Build configuration list for PBXNativeTarget "one to fiftyTests" */;
			buildPhases = (
				FA52BE4F22BB8904004501C7 /* Sources */,
				FA52BE5022BB8904004501C7 /* Frameworks */,
				FA52BE5122BB8904004501C7 /* Resources */,
			);
			buildRules = (
			);
			dependencies = (
				FA52BE5522BB8904004501C7 /* PBXTargetDependency */,
			);
			name = "one to fiftyTests";
			productName = "one to fiftyTests";
			productReference = FA52BE5322BB8904004501C7 /* one to fiftyTests.xctest */;
			productType = "com.apple.product-type.bundle.unit-test";
		};
		FA52BE5D22BB8904004501C7 /* one to fiftyUITests */ = {
			isa = PBXNativeTarget;
			buildConfigurationList = FA52BE6D22BB8904004501C7 /* Build configuration list for PBXNativeTarget "one to fiftyUITests" */;
			buildPhases = (
				FA52BE5A22BB8904004501C7 /* Sources */,
				FA52BE5B22BB8904004501C7 /* Frameworks */,
				FA52BE5C22BB8904004501C7 /* Resources */,
			);
			buildRules = (
			);
			dependencies = (
				FA52BE6022BB8904004501C7 /* PBXTargetDependency */,
			);
			name = "one to fiftyUITests";
			productName = "one to fiftyUITests";
			productReference = FA52BE5E22BB8904004501C7 /* one to fiftyUITests.xctest */;
			productType = "com.apple.product-type.bundle.ui-testing";
		};
/* End PBXNativeTarget section */

/* Begin PBXProject section */
		FA52BE3422BB88FD004501C7 /* Project object */ = {
			isa = PBXProject;
			attributes = {
				LastSwiftUpdateCheck = 1020;
				LastUpgradeCheck = 1020;
				ORGANIZATIONNAME = macbook;
				TargetAttributes = {
					FA52BE3B22BB88FD004501C7 = {
						CreatedOnToolsVersion = 10.2.1;
					};
					FA52BE5222BB8904004501C7 = {
						CreatedOnToolsVersion = 10.2.1;
						TestTargetID = FA52BE3B22BB88FD004501C7;
					};
					FA52BE5D22BB8904004501C7 = {
						CreatedOnToolsVersion = 10.2.1;
						TestTargetID = FA52BE3B22BB88FD004501C7;
					};
				};
			};
			buildConfigurationList = FA52BE3722BB88FD004501C7 /* Build configuration list for PBXProject "one to fifty" */;
			compatibilityVersion = "Xcode 9.3";
			developmentRegion = en;
			hasScannedForEncodings = 0;
			knownRegions = (
				en,
				Base,
			);
			mainGroup = FA52BE3322BB88FD004501C7;
			productRefGroup = FA52BE3D22BB88FD004501C7 /* Products */;
			projectDirPath = "";
			projectRoot = "";
			targets = (
				FA52BE3B22BB88FD004501C7 /* one to fifty */,
				FA52BE5222BB8904004501C7 /* one to fiftyTests */,
				FA52BE5D22BB8904004501C7 /* one to fiftyUITests */,
			);
		};
/* End PBXProject section */

/* Begin PBXResourcesBuildPhase section */
		FA52BE3A22BB88FD004501C7 /* Resources */ = {
			isa = PBXResourcesBuildPhase;
			buildActionMask = 2147483647;
			files = (
				FA52BE4D22BB8903004501C7 /* LaunchScreen.storyboard in Resources */,
				FA52BE4A22BB8903004501C7 /* Assets.xcassets in Resources */,
				FA52BE4522BB88FD004501C7 /* Main.storyboard in Resources */,
			);
			runOnlyForDeploymentPostprocessing = 0;
		};
		FA52BE5122BB8904004501C7 /* Resources */ = {
			isa = PBXResourcesBuildPhase;
			buildActionMask = 2147483647;
			files = (
			);
			runOnlyForDeploymentPostprocessing = 0;
		};
		FA52BE5C22BB8904004501C7 /* Resources */ = {
			isa = PBXResourcesBuildPhase;
			buildActionMask = 2147483647;
			files = (
			);
			runOnlyForDeploymentPostprocessing = 0;
		};
/* End PBXResourcesBuildPhase section */

/* Begin PBXSourcesBuildPhase section */
		FA52BE3822BB88FD004501C7 /* Sources */ = {
			isa = PBXSourcesBuildPhase;
			buildActionMask = 2147483647;
			files = (
				FA52BE4822BB88FD004501C7 /* one_to_fifty.xcdatamodeld in Sources */,
				FA52BE4222BB88FD004501C7 /* ViewController.swift in Sources */,
				FA52BE4022BB88FD004501C7 /* AppDelegate.swift in Sources */,
			);
			runOnlyForDeploymentPostprocessing = 0;
		};
		FA52BE4F22BB8904004501C7 /* Sources */ = {
			isa = PBXSourcesBuildPhase;
			buildActionMask = 2147483647;
			files = (
				FA52BE5822BB8904004501C7 /* one_to_fiftyTests.swift in Sources */,
			);
			runOnlyForDeploymentPostprocessing = 0;
		};
		FA52BE5A22BB8904004501C7 /* Sources */ = {
			isa = PBXSourcesBuildPhase;
			buildActionMask = 2147483647;
			files = (
				FA52BE6322BB8904004501C7 /* one_to_fiftyUITests.swift in Sources */,
			);
			runOnlyForDeploymentPostprocessing = 0;
		};
/* End PBXSourcesBuildPhase section */

/* Begin PBXTargetDependency section */
		FA52BE5522BB8904004501C7 /* PBXTargetDependency */ = {
			isa = PBXTargetDependency;
			target = FA52BE3B22BB88FD004501C7 /* one to fifty */;
			targetProxy = FA52BE5422BB8904004501C7 /* PBXContainerItemProxy */;
		};
		FA52BE6022BB8904004501C7 /* PBXTargetDependency */ = {
			isa = PBXTargetDependency;
			target = FA52BE3B22BB88FD004501C7 /* one to fifty */;
			targetProxy = FA52BE5F22BB8904004501C7 /* PBXContainerItemProxy */;
		};
/* End PBXTargetDependency section */

/* Begin PBXVariantGroup section */
		FA52BE4322BB88FD004501C7 /* Main.storyboard */ = {
			isa = PBXVariantGroup;
			children = (
				FA52BE4422BB88FD004501C7 /* Base */,
			);
			name = Main.storyboard;
			sourceTree = "<group>";
		};
		FA52BE4B22BB8903004501C7 /* LaunchScreen.storyboard */ = {
			isa = PBXVariantGroup;
			children = (
				FA52BE4C22BB8903004501C7 /* Base */,
			);
			name = LaunchScreen.storyboard;
			sourceTree = "<group>";
		};
/* End PBXVariantGroup section */

/* Begin XCBuildConfiguration section */
		FA52BE6522BB8904004501C7 /* Debug */ = {
			isa = XCBuildConfiguration;
			buildSettings = {
				ALWAYS_SEARCH_USER_PATHS = NO;
				CLANG_ANALYZER_NONNULL = YES;
				CLANG_ANALYZER_NUMBER_OBJECT_CONVERSION = YES_AGGRESSIVE;
				CLANG_CXX_LANGUAGE_STANDARD = "gnu++14";
				CLANG_CXX_LIBRARY = "libc++";
				CLANG_ENABLE_MODULES = YES;
				CLANG_ENABLE_OBJC_ARC = YES;
				CLANG_ENABLE_OBJC_WEAK = YES;
				CLANG_WARN_BLOCK_CAPTURE_AUTORELEASING = YES;
				CLANG_WARN_BOOL_CONVERSION = YES;
				CLANG_WARN_COMMA = YES;
				CLANG_WARN_CONSTANT_CONVERSION = YES;
				CLANG_WARN_DEPRECATED_OBJC_IMPLEMENTATIONS = YES;
				CLANG_WARN_DIRECT_OBJC_ISA_USAGE = YES_ERROR;
				CLANG_WARN_DOCUMENTATION_COMMENTS = YES;
				CLANG_WARN_EMPTY_BODY = YES;
				CLANG_WARN_ENUM_CONVERSION = YES;
				CLANG_WARN_INFINITE_RECURSION = YES;
				CLANG_WARN_INT_CONVERSION = YES;
				CLANG_WARN_NON_LITERAL_NULL_CONVERSION = YES;
				CLANG_WARN_OBJC_IMPLICIT_RETAIN_SELF = YES;
				CLANG_WARN_OBJC_LITERAL_CONVERSION = YES;
				CLANG_WARN_OBJC_ROOT_CLASS = YES_ERROR;
				CLANG_WARN_RANGE_LOOP_ANALYSIS = YES;
				CLANG_WARN_STRICT_PROTOTYPES = YES;
				CLANG_WARN_SUSPICIOUS_MOVE = YES;
				CLANG_WARN_UNGUARDED_AVAILABILITY = YES_AGGRESSIVE;
				CLANG_WARN_UNREACHABLE_CODE = YES;
				CLANG_WARN__DUPLICATE_METHOD_MATCH = YES;
				CODE_SIGN_IDENTITY = "iPhone Developer";
				COPY_PHASE_STRIP = NO;
				DEBUG_INFORMATION_FORMAT = dwarf;
				ENABLE_STRICT_OBJC_MSGSEND = YES;
				ENABLE_TESTABILITY = YES;
				GCC_C_LANGUAGE_STANDARD = gnu11;
				GCC_DYNAMIC_NO_PIC = NO;
				GCC_NO_COMMON_BLOCKS = YES;
				GCC_OPTIMIZATION_LEVEL = 0;
				GCC_PREPROCESSOR_DEFINITIONS = (
					"DEBUG=1",
					"$(inherited)",
				);
				GCC_WARN_64_TO_32_BIT_CONVERSION = YES;
				GCC_WARN_ABOUT_RETURN_TYPE = YES_ERROR;
				GCC_WARN_UNDECLARED_SELECTOR = YES;
				GCC_WARN_UNINITIALIZED_AUTOS = YES_AGGRESSIVE;
				GCC_WARN_UNUSED_FUNCTION = YES;
				GCC_WARN_UNUSED_VARIABLE = YES;
				IPHONEOS_DEPLOYMENT_TARGET = 12.2;
				MTL_ENABLE_DEBUG_INFO = INCLUDE_SOURCE;
				MTL_FAST_MATH = YES;
				ONLY_ACTIVE_ARCH = YES;
				SDKROOT = iphoneos;
				SWIFT_ACTIVE_COMPILATION_CONDITIONS = DEBUG;
				SWIFT_OPTIMIZATION_LEVEL = "-Onone";
			};
			name = Debug;
		};
		FA52BE6622BB8904004501C7 /* Release */ = {
			isa = XCBuildConfiguration;
			buildSettings = {
				ALWAYS_SEARCH_USER_PATHS = NO;
				CLANG_ANALYZER_NONNULL = YES;
				CLANG_ANALYZER_NUMBER_OBJECT_CONVERSION = YES_AGGRESSIVE;
				CLANG_CXX_LANGUAGE_STANDARD = "gnu++14";
				CLANG_CXX_LIBRARY = "libc++";
				CLANG_ENABLE_MODULES = YES;
				CLANG_ENABLE_OBJC_ARC = YES;
				CLANG_ENABLE_OBJC_WEAK = YES;
				CLANG_WARN_BLOCK_CAPTURE_AUTORELEASING = YES;
				CLANG_WARN_BOOL_CONVERSION = YES;
				CLANG_WARN_COMMA = YES;
				CLANG_WARN_CONSTANT_CONVERSION = YES;
				CLANG_WARN_DEPRECATED_OBJC_IMPLEMENTATIONS = YES;
				CLANG_WARN_DIRECT_OBJC_ISA_USAGE = YES_ERROR;
				CLANG_WARN_DOCUMENTATION_COMMENTS = YES;
				CLANG_WARN_EMPTY_BODY = YES;
				CLANG_WARN_ENUM_CONVERSION = YES;
				CLANG_WARN_INFINITE_RECURSION = YES;
				CLANG_WARN_INT_CONVERSION = YES;
				CLANG_WARN_NON_LITERAL_NULL_CONVERSION = YES;
				CLANG_WARN_OBJC_IMPLICIT_RETAIN_SELF = YES;
				CLANG_WARN_OBJC_LITERAL_CONVERSION = YES;
				CLANG_WARN_OBJC_ROOT_CLASS = YES_ERROR;
				CLANG_WARN_RANGE_LOOP_ANALYSIS = YES;
				CLANG_WARN_STRICT_PROTOTYPES = YES;
				CLANG_WARN_SUSPICIOUS_MOVE = YES;
				CLANG_WARN_UNGUARDED_AVAILABILITY = YES_AGGRESSIVE;
				CLANG_WARN_UNREACHABLE_CODE = YES;
				CLANG_WARN__DUPLICATE_METHOD_MATCH = YES;
				CODE_SIGN_IDENTITY = "iPhone Developer";
				COPY_PHASE_STRIP = NO;
				DEBUG_INFORMATION_FORMAT = "dwarf-with-dsym";
				ENABLE_NS_ASSERTIONS = NO;
				ENABLE_STRICT_OBJC_MSGSEND = YES;
				GCC_C_LANGUAGE_STANDARD = gnu11;
				GCC_NO_COMMON_BLOCKS = YES;
				GCC_WARN_64_TO_32_BIT_CONVERSION = YES;
				GCC_WARN_ABOUT_RETURN_TYPE = YES_ERROR;
				GCC_WARN_UNDECLARED_SELECTOR = YES;
				GCC_WARN_UNINITIALIZED_AUTOS = YES_AGGRESSIVE;
				GCC_WARN_UNUSED_FUNCTION = YES;
				GCC_WARN_UNUSED_VARIABLE = YES;
				IPHONEOS_DEPLOYMENT_TARGET = 12.2;
				MTL_ENABLE_DEBUG_INFO = NO;
				MTL_FAST_MATH = YES;
				SDKROOT = iphoneos;
				SWIFT_COMPILATION_MODE = wholemodule;
				SWIFT_OPTIMIZATION_LEVEL = "-O";
				VALIDATE_PRODUCT = YES;
			};
			name = Release;
		};
		FA52BE6822BB8904004501C7 /* Debug */ = {
			isa = XCBuildConfiguration;
			buildSettings = {
				ASSETCATALOG_COMPILER_APPICON_NAME = AppIcon;
				CODE_SIGN_STYLE = Automatic;
				INFOPLIST_FILE = "one to fifty/Info.plist";
				LD_RUNPATH_SEARCH_PATHS = (
					"$(inherited)",
					"@executable_path/Frameworks",
				);
				PRODUCT_BUNDLE_IDENTIFIER = "com.one-to-fifty";
				PRODUCT_NAME = "$(TARGET_NAME)";
				SWIFT_VERSION = 5.0;
				TARGETED_DEVICE_FAMILY = "1,2";
			};
			name = Debug;
		};
		FA52BE6922BB8904004501C7 /* Release */ = {
			isa = XCBuildConfiguration;
			buildSettings = {
				ASSETCATALOG_COMPILER_APPICON_NAME = AppIcon;
				CODE_SIGN_STYLE = Automatic;
				INFOPLIST_FILE = "one to fifty/Info.plist";
				LD_RUNPATH_SEARCH_PATHS = (
					"$(inherited)",
					"@executable_path/Frameworks",
				);
				PRODUCT_BUNDLE_IDENTIFIER = "com.one-to-fifty";
				PRODUCT_NAME = "$(TARGET_NAME)";
				SWIFT_VERSION = 5.0;
				TARGETED_DEVICE_FAMILY = "1,2";
			};
			name = Release;
		};
		FA52BE6B22BB8904004501C7 /* Debug */ = {
			isa = XCBuildConfiguration;
			buildSettings = {
				ALWAYS_EMBED_SWIFT_STANDARD_LIBRARIES = YES;
				BUNDLE_LOADER = "$(TEST_HOST)";
				CODE_SIGN_STYLE = Automatic;
				INFOPLIST_FILE = "one to fiftyTests/Info.plist";
				LD_RUNPATH_SEARCH_PATHS = (
					"$(inherited)",
					"@executable_path/Frameworks",
					"@loader_path/Frameworks",
				);
				PRODUCT_BUNDLE_IDENTIFIER = "com.one-to-fiftyTests";
				PRODUCT_NAME = "$(TARGET_NAME)";
				SWIFT_VERSION = 5.0;
				TARGETED_DEVICE_FAMILY = "1,2";
				TEST_HOST = "$(BUILT_PRODUCTS_DIR)/one to fifty.app/one to fifty";
			};
			name = Debug;
		};
		FA52BE6C22BB8904004501C7 /* Release */ = {
			isa = XCBuildConfiguration;
			buildSettings = {
				ALWAYS_EMBED_SWIFT_STANDARD_LIBRARIES = YES;
				BUNDLE_LOADER = "$(TEST_HOST)";
				CODE_SIGN_STYLE = Automatic;
				INFOPLIST_FILE = "one to fiftyTests/Info.plist";
				LD_RUNPATH_SEARCH_PATHS = (
					"$(inherited)",
					"@executable_path/Frameworks",
					"@loader_path/Frameworks",
				);
				PRODUCT_BUNDLE_IDENTIFIER = "com.one-to-fiftyTests";
				PRODUCT_NAME = "$(TARGET_NAME)";
				SWIFT_VERSION = 5.0;
				TARGETED_DEVICE_FAMILY = "1,2";
				TEST_HOST = "$(BUILT_PRODUCTS_DIR)/one to fifty.app/one to fifty";
			};
			name = Release;
		};
		FA52BE6E22BB8904004501C7 /* Debug */ = {
			isa = XCBuildConfiguration;
			buildSettings = {
				ALWAYS_EMBED_SWIFT_STANDARD_LIBRARIES = YES;
				CODE_SIGN_STYLE = Automatic;
				INFOPLIST_FILE = "one to fiftyUITests/Info.plist";
				LD_RUNPATH_SEARCH_PATHS = (
					"$(inherited)",
					"@executable_path/Frameworks",
					"@loader_path/Frameworks",
				);
				PRODUCT_BUNDLE_IDENTIFIER = "com.one-to-fiftyUITests";
				PRODUCT_NAME = "$(TARGET_NAME)";
				SWIFT_VERSION = 5.0;
				TARGETED_DEVICE_FAMILY = "1,2";
				TEST_TARGET_NAME = "one to fifty";
			};
			name = Debug;
		};
		FA52BE6F22BB8904004501C7 /* Release */ = {
			isa = XCBuildConfiguration;
			buildSettings = {
				ALWAYS_EMBED_SWIFT_STANDARD_LIBRARIES = YES;
				CODE_SIGN_STYLE = Automatic;
				INFOPLIST_FILE = "one to fiftyUITests/Info.plist";
				LD_RUNPATH_SEARCH_PATHS = (
					"$(inherited)",
					"@executable_path/Frameworks",
					"@loader_path/Frameworks",
				);
				PRODUCT_BUNDLE_IDENTIFIER = "com.one-to-fiftyUITests";
				PRODUCT_NAME = "$(TARGET_NAME)";
				SWIFT_VERSION = 5.0;
				TARGETED_DEVICE_FAMILY = "1,2";
				TEST_TARGET_NAME = "one to fifty";
			};
			name = Release;
		};
/* End XCBuildConfiguration section */

/* Begin XCConfigurationList section */
		FA52BE3722BB88FD004501C7 /* Build configuration list for PBXProject "one to fifty" */ = {
			isa = XCConfigurationList;
			buildConfigurations = (
				FA52BE6522BB8904004501C7 /* Debug */,
				FA52BE6622BB8904004501C7 /* Release */,
			);
			defaultConfigurationIsVisible = 0;
			defaultConfigurationName = Release;
		};
		FA52BE6722BB8904004501C7 /* Build configuration list for PBXNativeTarget "one to fifty" */ = {
			isa = XCConfigurationList;
			buildConfigurations = (
				FA52BE6822BB8904004501C7 /* Debug */,
				FA52BE6922BB8904004501C7 /* Release */,
			);
			defaultConfigurationIsVisible = 0;
			defaultConfigurationName = Release;
		};
		FA52BE6A22BB8904004501C7 /* Build configuration list for PBXNativeTarget "one to fiftyTests" */ = {
			isa = XCConfigurationList;
			buildConfigurations = (
				FA52BE6B22BB8904004501C7 /* Debug */,
				FA52BE6C22BB8904004501C7 /* Release */,
			);
			defaultConfigurationIsVisible = 0;
			defaultConfigurationName = Release;
		};
		FA52BE6D22BB8904004501C7 /* Build configuration list for PBXNativeTarget "one to fiftyUITests" */ = {
			isa = XCConfigurationList;
			buildConfigurations = (
				FA52BE6E22BB8904004501C7 /* Debug */,
				FA52BE6F22BB8904004501C7 /* Release */,
			);
			defaultConfigurationIsVisible = 0;
			defaultConfigurationName = Release;
		};
/* End XCConfigurationList section */

/* Begin XCVersionGroup section */
		FA52BE4622BB88FD004501C7 /* one_to_fifty.xcdatamodeld */ = {
			isa = XCVersionGroup;
			children = (
				FA52BE4722BB88FD004501C7 /* one_to_fifty.xcdatamodel */,
			);
			currentVersion = FA52BE4722BB88FD004501C7 /* one_to_fifty.xcdatamodel */;
			path = one_to_fifty.xcdatamodeld;
			sourceTree = "<group>";
			versionGroupType = wrapper.xcdatamodel;
		};
/* End XCVersionGroup section */
	};
	rootObject = FA52BE3422BB88FD004501C7 /* Project object */;
}
