// !$*UTF8*$!
{
	archiveVersion = 1;
	classes = {
	};
	objectVersion = 50;
	objects = {

/* Begin PBXBuildFile section */
		FA74600E22BCA0A70047115C /* AppDelegate.swift in Sources */ = {isa = PBXBuildFile; fileRef = FA74600D22BCA0A70047115C /* AppDelegate.swift */; };
		FA74601022BCA0A70047115C /* FirstViewController.swift in Sources */ = {isa = PBXBuildFile; fileRef = FA74600F22BCA0A70047115C /* FirstViewController.swift */; };
		FA74601222BCA0A70047115C /* SecondViewController.swift in Sources */ = {isa = PBXBuildFile; fileRef = FA74601122BCA0A70047115C /* SecondViewController.swift */; };
		FA74601522BCA0A70047115C /* Main.storyboard in Resources */ = {isa = PBXBuildFile; fileRef = FA74601322BCA0A70047115C /* Main.storyboard */; };
		FA74601722BCA0A90047115C /* Assets.xcassets in Resources */ = {isa = PBXBuildFile; fileRef = FA74601622BCA0A90047115C /* Assets.xcassets */; };
		FA74601A22BCA0A90047115C /* LaunchScreen.storyboard in Resources */ = {isa = PBXBuildFile; fileRef = FA74601822BCA0A90047115C /* LaunchScreen.storyboard */; };
		FA74602522BCA0A90047115C /* to_do_listTests.swift in Sources */ = {isa = PBXBuildFile; fileRef = FA74602422BCA0A90047115C /* to_do_listTests.swift */; };
		FA74603022BCA0A90047115C /* to_do_listUITests.swift in Sources */ = {isa = PBXBuildFile; fileRef = FA74602F22BCA0A90047115C /* to_do_listUITests.swift */; };
/* End PBXBuildFile section */

/* Begin PBXContainerItemProxy section */
		FA74602122BCA0A90047115C /* PBXContainerItemProxy */ = {
			isa = PBXContainerItemProxy;
			containerPortal = FA74600222BCA0A70047115C /* Project object */;
			proxyType = 1;
			remoteGlobalIDString = FA74600922BCA0A70047115C;
			remoteInfo = "to do list";
		};
		FA74602C22BCA0A90047115C /* PBXContainerItemProxy */ = {
			isa = PBXContainerItemProxy;
			containerPortal = FA74600222BCA0A70047115C /* Project object */;
			proxyType = 1;
			remoteGlobalIDString = FA74600922BCA0A70047115C;
			remoteInfo = "to do list";
		};
/* End PBXContainerItemProxy section */

/* Begin PBXFileReference section */
		FA74600A22BCA0A70047115C /* to do list.app */ = {isa = PBXFileReference; explicitFileType = wrapper.application; includeInIndex = 0; path = "to do list.app"; sourceTree = BUILT_PRODUCTS_DIR; };
		FA74600D22BCA0A70047115C /* AppDelegate.swift */ = {isa = PBXFileReference; lastKnownFileType = sourcecode.swift; path = AppDelegate.swift; sourceTree = "<group>"; };
		FA74600F22BCA0A70047115C /* FirstViewController.swift */ = {isa = PBXFileReference; lastKnownFileType = sourcecode.swift; path = FirstViewController.swift; sourceTree = "<group>"; };
		FA74601122BCA0A70047115C /* SecondViewController.swift */ = {isa = PBXFileReference; lastKnownFileType = sourcecode.swift; path = SecondViewController.swift; sourceTree = "<group>"; };
		FA74601422BCA0A70047115C /* Base */ = {isa = PBXFileReference; lastKnownFileType = file.storyboard; name = Base; path = Base.lproj/Main.storyboard; sourceTree = "<group>"; };
		FA74601622BCA0A90047115C /* Assets.xcassets */ = {isa = PBXFileReference; lastKnownFileType = folder.assetcatalog; path = Assets.xcassets; sourceTree = "<group>"; };
		FA74601922BCA0A90047115C /* Base */ = {isa = PBXFileReference; lastKnownFileType = file.storyboard; name = Base; path = Base.lproj/LaunchScreen.storyboard; sourceTree = "<group>"; };
		FA74601B22BCA0A90047115C /* Info.plist */ = {isa = PBXFileReference; lastKnownFileType = text.plist.xml; path = Info.plist; sourceTree = "<group>"; };
		FA74602022BCA0A90047115C /* to do listTests.xctest */ = {isa = PBXFileReference; explicitFileType = wrapper.cfbundle; includeInIndex = 0; path = "to do listTests.xctest"; sourceTree = BUILT_PRODUCTS_DIR; };
		FA74602422BCA0A90047115C /* to_do_listTests.swift */ = {isa = PBXFileReference; lastKnownFileType = sourcecode.swift; path = to_do_listTests.swift; sourceTree = "<group>"; };
		FA74602622BCA0A90047115C /* Info.plist */ = {isa = PBXFileReference; lastKnownFileType = text.plist.xml; path = Info.plist; sourceTree = "<group>"; };
		FA74602B22BCA0A90047115C /* to do listUITests.xctest */ = {isa = PBXFileReference; explicitFileType = wrapper.cfbundle; includeInIndex = 0; path = "to do listUITests.xctest"; sourceTree = BUILT_PRODUCTS_DIR; };
		FA74602F22BCA0A90047115C /* to_do_listUITests.swift */ = {isa = PBXFileReference; lastKnownFileType = sourcecode.swift; path = to_do_listUITests.swift; sourceTree = "<group>"; };
		FA74603122BCA0A90047115C /* Info.plist */ = {isa = PBXFileReference; lastKnownFileType = text.plist.xml; path = Info.plist; sourceTree = "<group>"; };
/* End PBXFileReference section */

/* Begin PBXFrameworksBuildPhase section */
		FA74600722BCA0A70047115C /* Frameworks */ = {
			isa = PBXFrameworksBuildPhase;
			buildActionMask = 2147483647;
			files = (
			);
			runOnlyForDeploymentPostprocessing = 0;
		};
		FA74601D22BCA0A90047115C /* Frameworks */ = {
			isa = PBXFrameworksBuildPhase;
			buildActionMask = 2147483647;
			files = (
			);
			runOnlyForDeploymentPostprocessing = 0;
		};
		FA74602822BCA0A90047115C /* Frameworks */ = {
			isa = PBXFrameworksBuildPhase;
			buildActionMask = 2147483647;
			files = (
			);
			runOnlyForDeploymentPostprocessing = 0;
		};
/* End PBXFrameworksBuildPhase section */

/* Begin PBXGroup section */
		FA74600122BCA0A70047115C = {
			isa = PBXGroup;
			children = (
				FA74600C22BCA0A70047115C /* to do list */,
				FA74602322BCA0A90047115C /* to do listTests */,
				FA74602E22BCA0A90047115C /* to do listUITests */,
				FA74600B22BCA0A70047115C /* Products */,
			);
			sourceTree = "<group>";
		};
		FA74600B22BCA0A70047115C /* Products */ = {
			isa = PBXGroup;
			children = (
				FA74600A22BCA0A70047115C /* to do list.app */,
				FA74602022BCA0A90047115C /* to do listTests.xctest */,
				FA74602B22BCA0A90047115C /* to do listUITests.xctest */,
			);
			name = Products;
			sourceTree = "<group>";
		};
		FA74600C22BCA0A70047115C /* to do list */ = {
			isa = PBXGroup;
			children = (
				FA74600D22BCA0A70047115C /* AppDelegate.swift */,
				FA74600F22BCA0A70047115C /* FirstViewController.swift */,
				FA74601122BCA0A70047115C /* SecondViewController.swift */,
				FA74601322BCA0A70047115C /* Main.storyboard */,
				FA74601622BCA0A90047115C /* Assets.xcassets */,
				FA74601822BCA0A90047115C /* LaunchScreen.storyboard */,
				FA74601B22BCA0A90047115C /* Info.plist */,
			);
			path = "to do list";
			sourceTree = "<group>";
		};
		FA74602322BCA0A90047115C /* to do listTests */ = {
			isa = PBXGroup;
			children = (
				FA74602422BCA0A90047115C /* to_do_listTests.swift */,
				FA74602622BCA0A90047115C /* Info.plist */,
			);
			path = "to do listTests";
			sourceTree = "<group>";
		};
		FA74602E22BCA0A90047115C /* to do listUITests */ = {
			isa = PBXGroup;
			children = (
				FA74602F22BCA0A90047115C /* to_do_listUITests.swift */,
				FA74603122BCA0A90047115C /* Info.plist */,
			);
			path = "to do listUITests";
			sourceTree = "<group>";
		};
/* End PBXGroup section */

/* Begin PBXNativeTarget section */
		FA74600922BCA0A70047115C /* to do list */ = {
			isa = PBXNativeTarget;
			buildConfigurationList = FA74603422BCA0A90047115C /* Build configuration list for PBXNativeTarget "to do list" */;
			buildPhases = (
				FA74600622BCA0A70047115C /* Sources */,
				FA74600722BCA0A70047115C /* Frameworks */,
				FA74600822BCA0A70047115C /* Resources */,
			);
			buildRules = (
			);
			dependencies = (
			);
			name = "to do list";
			productName = "to do list";
			productReference = FA74600A22BCA0A70047115C /* to do list.app */;
			productType = "com.apple.product-type.application";
		};
		FA74601F22BCA0A90047115C /* to do listTests */ = {
			isa = PBXNativeTarget;
			buildConfigurationList = FA74603722BCA0A90047115C /* Build configuration list for PBXNativeTarget "to do listTests" */;
			buildPhases = (
				FA74601C22BCA0A90047115C /* Sources */,
				FA74601D22BCA0A90047115C /* Frameworks */,
				FA74601E22BCA0A90047115C /* Resources */,
			);
			buildRules = (
			);
			dependencies = (
				FA74602222BCA0A90047115C /* PBXTargetDependency */,
			);
			name = "to do listTests";
			productName = "to do listTests";
			productReference = FA74602022BCA0A90047115C /* to do listTests.xctest */;
			productType = "com.apple.product-type.bundle.unit-test";
		};
		FA74602A22BCA0A90047115C /* to do listUITests */ = {
			isa = PBXNativeTarget;
			buildConfigurationList = FA74603A22BCA0A90047115C /* Build configuration list for PBXNativeTarget "to do listUITests" */;
			buildPhases = (
				FA74602722BCA0A90047115C /* Sources */,
				FA74602822BCA0A90047115C /* Frameworks */,
				FA74602922BCA0A90047115C /* Resources */,
			);
			buildRules = (
			);
			dependencies = (
				FA74602D22BCA0A90047115C /* PBXTargetDependency */,
			);
			name = "to do listUITests";
			productName = "to do listUITests";
			productReference = FA74602B22BCA0A90047115C /* to do listUITests.xctest */;
			productType = "com.apple.product-type.bundle.ui-testing";
		};
/* End PBXNativeTarget section */

/* Begin PBXProject section */
		FA74600222BCA0A70047115C /* Project object */ = {
			isa = PBXProject;
			attributes = {
				LastSwiftUpdateCheck = 1020;
				LastUpgradeCheck = 1020;
				ORGANIZATIONNAME = macbook;
				TargetAttributes = {
					FA74600922BCA0A70047115C = {
						CreatedOnToolsVersion = 10.2.1;
					};
					FA74601F22BCA0A90047115C = {
						CreatedOnToolsVersion = 10.2.1;
						TestTargetID = FA74600922BCA0A70047115C;
					};
					FA74602A22BCA0A90047115C = {
						CreatedOnToolsVersion = 10.2.1;
						TestTargetID = FA74600922BCA0A70047115C;
					};
				};
			};
			buildConfigurationList = FA74600522BCA0A70047115C /* Build configuration list for PBXProject "to do list" */;
			compatibilityVersion = "Xcode 9.3";
			developmentRegion = en;
			hasScannedForEncodings = 0;
			knownRegions = (
				en,
				Base,
			);
			mainGroup = FA74600122BCA0A70047115C;
			productRefGroup = FA74600B22BCA0A70047115C /* Products */;
			projectDirPath = "";
			projectRoot = "";
			targets = (
				FA74600922BCA0A70047115C /* to do list */,
				FA74601F22BCA0A90047115C /* to do listTests */,
				FA74602A22BCA0A90047115C /* to do listUITests */,
			);
		};
/* End PBXProject section */

/* Begin PBXResourcesBuildPhase section */
		FA74600822BCA0A70047115C /* Resources */ = {
			isa = PBXResourcesBuildPhase;
			buildActionMask = 2147483647;
			files = (
				FA74601A22BCA0A90047115C /* LaunchScreen.storyboard in Resources */,
				FA74601722BCA0A90047115C /* Assets.xcassets in Resources */,
				FA74601522BCA0A70047115C /* Main.storyboard in Resources */,
			);
			runOnlyForDeploymentPostprocessing = 0;
		};
		FA74601E22BCA0A90047115C /* Resources */ = {
			isa = PBXResourcesBuildPhase;
			buildActionMask = 2147483647;
			files = (
			);
			runOnlyForDeploymentPostprocessing = 0;
		};
		FA74602922BCA0A90047115C /* Resources */ = {
			isa = PBXResourcesBuildPhase;
			buildActionMask = 2147483647;
			files = (
			);
			runOnlyForDeploymentPostprocessing = 0;
		};
/* End PBXResourcesBuildPhase section */

/* Begin PBXSourcesBuildPhase section */
		FA74600622BCA0A70047115C /* Sources */ = {
			isa = PBXSourcesBuildPhase;
			buildActionMask = 2147483647;
			files = (
				FA74601222BCA0A70047115C /* SecondViewController.swift in Sources */,
				FA74600E22BCA0A70047115C /* AppDelegate.swift in Sources */,
				FA74601022BCA0A70047115C /* FirstViewController.swift in Sources */,
			);
			runOnlyForDeploymentPostprocessing = 0;
		};
		FA74601C22BCA0A90047115C /* Sources */ = {
			isa = PBXSourcesBuildPhase;
			buildActionMask = 2147483647;
			files = (
				FA74602522BCA0A90047115C /* to_do_listTests.swift in Sources */,
			);
			runOnlyForDeploymentPostprocessing = 0;
		};
		FA74602722BCA0A90047115C /* Sources */ = {
			isa = PBXSourcesBuildPhase;
			buildActionMask = 2147483647;
			files = (
				FA74603022BCA0A90047115C /* to_do_listUITests.swift in Sources */,
			);
			runOnlyForDeploymentPostprocessing = 0;
		};
/* End PBXSourcesBuildPhase section */

/* Begin PBXTargetDependency section */
		FA74602222BCA0A90047115C /* PBXTargetDependency */ = {
			isa = PBXTargetDependency;
			target = FA74600922BCA0A70047115C /* to do list */;
			targetProxy = FA74602122BCA0A90047115C /* PBXContainerItemProxy */;
		};
		FA74602D22BCA0A90047115C /* PBXTargetDependency */ = {
			isa = PBXTargetDependency;
			target = FA74600922BCA0A70047115C /* to do list */;
			targetProxy = FA74602C22BCA0A90047115C /* PBXContainerItemProxy */;
		};
/* End PBXTargetDependency section */

/* Begin PBXVariantGroup section */
		FA74601322BCA0A70047115C /* Main.storyboard */ = {
			isa = PBXVariantGroup;
			children = (
				FA74601422BCA0A70047115C /* Base */,
			);
			name = Main.storyboard;
			sourceTree = "<group>";
		};
		FA74601822BCA0A90047115C /* LaunchScreen.storyboard */ = {
			isa = PBXVariantGroup;
			children = (
				FA74601922BCA0A90047115C /* Base */,
			);
			name = LaunchScreen.storyboard;
			sourceTree = "<group>";
		};
/* End PBXVariantGroup section */

/* Begin XCBuildConfiguration section */
		FA74603222BCA0A90047115C /* Debug */ = {
			isa = XCBuildConfiguration;
			buildSettings = {
				ALWAYS_SEARCH_USER_PATHS = NO;
				CLANG_ANALYZER_NONNULL = YES;
				CLANG_ANALYZER_NUMBER_OBJECT_CONVERSION = YES_AGGRESSIVE;
				CLANG_CXX_LANGUAGE_STANDARD = "gnu++14";
				CLANG_CXX_LIBRARY = "libc++";
				CLANG_ENABLE_MODULES = YES;
				CLANG_ENABLE_OBJC_ARC = YES;
				CLANG_ENABLE_OBJC_WEAK = YES;
				CLANG_WARN_BLOCK_CAPTURE_AUTORELEASING = YES;
				CLANG_WARN_BOOL_CONVERSION = YES;
				CLANG_WARN_COMMA = YES;
				CLANG_WARN_CONSTANT_CONVERSION = YES;
				CLANG_WARN_DEPRECATED_OBJC_IMPLEMENTATIONS = YES;
				CLANG_WARN_DIRECT_OBJC_ISA_USAGE = YES_ERROR;
				CLANG_WARN_DOCUMENTATION_COMMENTS = YES;
				CLANG_WARN_EMPTY_BODY = YES;
				CLANG_WARN_ENUM_CONVERSION = YES;
				CLANG_WARN_INFINITE_RECURSION = YES;
				CLANG_WARN_INT_CONVERSION = YES;
				CLANG_WARN_NON_LITERAL_NULL_CONVERSION = YES;
				CLANG_WARN_OBJC_IMPLICIT_RETAIN_SELF = YES;
				CLANG_WARN_OBJC_LITERAL_CONVERSION = YES;
				CLANG_WARN_OBJC_ROOT_CLASS = YES_ERROR;
				CLANG_WARN_RANGE_LOOP_ANALYSIS = YES;
				CLANG_WARN_STRICT_PROTOTYPES = YES;
				CLANG_WARN_SUSPICIOUS_MOVE = YES;
				CLANG_WARN_UNGUARDED_AVAILABILITY = YES_AGGRESSIVE;
				CLANG_WARN_UNREACHABLE_CODE = YES;
				CLANG_WARN__DUPLICATE_METHOD_MATCH = YES;
				CODE_SIGN_IDENTITY = "iPhone Developer";
				COPY_PHASE_STRIP = NO;
				DEBUG_INFORMATION_FORMAT = dwarf;
				ENABLE_STRICT_OBJC_MSGSEND = YES;
				ENABLE_TESTABILITY = YES;
				GCC_C_LANGUAGE_STANDARD = gnu11;
				GCC_DYNAMIC_NO_PIC = NO;
				GCC_NO_COMMON_BLOCKS = YES;
				GCC_OPTIMIZATION_LEVEL = 0;
				GCC_PREPROCESSOR_DEFINITIONS = (
					"DEBUG=1",
					"$(inherited)",
				);
				GCC_WARN_64_TO_32_BIT_CONVERSION = YES;
				GCC_WARN_ABOUT_RETURN_TYPE = YES_ERROR;
				GCC_WARN_UNDECLARED_SELECTOR = YES;
				GCC_WARN_UNINITIALIZED_AUTOS = YES_AGGRESSIVE;
				GCC_WARN_UNUSED_FUNCTION = YES;
				GCC_WARN_UNUSED_VARIABLE = YES;
				IPHONEOS_DEPLOYMENT_TARGET = 12.2;
				MTL_ENABLE_DEBUG_INFO = INCLUDE_SOURCE;
				MTL_FAST_MATH = YES;
				ONLY_ACTIVE_ARCH = YES;
				SDKROOT = iphoneos;
				SWIFT_ACTIVE_COMPILATION_CONDITIONS = DEBUG;
				SWIFT_OPTIMIZATION_LEVEL = "-Onone";
			};
			name = Debug;
		};
		FA74603322BCA0A90047115C /* Release */ = {
			isa = XCBuildConfiguration;
			buildSettings = {
				ALWAYS_SEARCH_USER_PATHS = NO;
				CLANG_ANALYZER_NONNULL = YES;
				CLANG_ANALYZER_NUMBER_OBJECT_CONVERSION = YES_AGGRESSIVE;
				CLANG_CXX_LANGUAGE_STANDARD = "gnu++14";
				CLANG_CXX_LIBRARY = "libc++";
				CLANG_ENABLE_MODULES = YES;
				CLANG_ENABLE_OBJC_ARC = YES;
				CLANG_ENABLE_OBJC_WEAK = YES;
				CLANG_WARN_BLOCK_CAPTURE_AUTORELEASING = YES;
				CLANG_WARN_BOOL_CONVERSION = YES;
				CLANG_WARN_COMMA = YES;
				CLANG_WARN_CONSTANT_CONVERSION = YES;
				CLANG_WARN_DEPRECATED_OBJC_IMPLEMENTATIONS = YES;
				CLANG_WARN_DIRECT_OBJC_ISA_USAGE = YES_ERROR;
				CLANG_WARN_DOCUMENTATION_COMMENTS = YES;
				CLANG_WARN_EMPTY_BODY = YES;
				CLANG_WARN_ENUM_CONVERSION = YES;
				CLANG_WARN_INFINITE_RECURSION = YES;
				CLANG_WARN_INT_CONVERSION = YES;
				CLANG_WARN_NON_LITERAL_NULL_CONVERSION = YES;
				CLANG_WARN_OBJC_IMPLICIT_RETAIN_SELF = YES;
				CLANG_WARN_OBJC_LITERAL_CONVERSION = YES;
				CLANG_WARN_OBJC_ROOT_CLASS = YES_ERROR;
				CLANG_WARN_RANGE_LOOP_ANALYSIS = YES;
				CLANG_WARN_STRICT_PROTOTYPES = YES;
				CLANG_WARN_SUSPICIOUS_MOVE = YES;
				CLANG_WARN_UNGUARDED_AVAILABILITY = YES_AGGRESSIVE;
				CLANG_WARN_UNREACHABLE_CODE = YES;
				CLANG_WARN__DUPLICATE_METHOD_MATCH = YES;
				CODE_SIGN_IDENTITY = "iPhone Developer";
				COPY_PHASE_STRIP = NO;
				DEBUG_INFORMATION_FORMAT = "dwarf-with-dsym";
				ENABLE_NS_ASSERTIONS = NO;
				ENABLE_STRICT_OBJC_MSGSEND = YES;
				GCC_C_LANGUAGE_STANDARD = gnu11;
				GCC_NO_COMMON_BLOCKS = YES;
				GCC_WARN_64_TO_32_BIT_CONVERSION = YES;
				GCC_WARN_ABOUT_RETURN_TYPE = YES_ERROR;
				GCC_WARN_UNDECLARED_SELECTOR = YES;
				GCC_WARN_UNINITIALIZED_AUTOS = YES_AGGRESSIVE;
				GCC_WARN_UNUSED_FUNCTION = YES;
				GCC_WARN_UNUSED_VARIABLE = YES;
				IPHONEOS_DEPLOYMENT_TARGET = 12.2;
				MTL_ENABLE_DEBUG_INFO = NO;
				MTL_FAST_MATH = YES;
				SDKROOT = iphoneos;
				SWIFT_COMPILATION_MODE = wholemodule;
				SWIFT_OPTIMIZATION_LEVEL = "-O";
				VALIDATE_PRODUCT = YES;
			};
			name = Release;
		};
		FA74603522BCA0A90047115C /* Debug */ = {
			isa = XCBuildConfiguration;
			buildSettings = {
				ASSETCATALOG_COMPILER_APPICON_NAME = AppIcon;
				CODE_SIGN_STYLE = Automatic;
				INFOPLIST_FILE = "to do list/Info.plist";
				LD_RUNPATH_SEARCH_PATHS = (
					"$(inherited)",
					"@executable_path/Frameworks",
				);
				PRODUCT_BUNDLE_IDENTIFIER = "com.to-do-list";
				PRODUCT_NAME = "$(TARGET_NAME)";
				SWIFT_VERSION = 5.0;
				TARGETED_DEVICE_FAMILY = "1,2";
			};
			name = Debug;
		};
		FA74603622BCA0A90047115C /* Release */ = {
			isa = XCBuildConfiguration;
			buildSettings = {
				ASSETCATALOG_COMPILER_APPICON_NAME = AppIcon;
				CODE_SIGN_STYLE = Automatic;
				INFOPLIST_FILE = "to do list/Info.plist";
				LD_RUNPATH_SEARCH_PATHS = (
					"$(inherited)",
					"@executable_path/Frameworks",
				);
				PRODUCT_BUNDLE_IDENTIFIER = "com.to-do-list";
				PRODUCT_NAME = "$(TARGET_NAME)";
				SWIFT_VERSION = 5.0;
				TARGETED_DEVICE_FAMILY = "1,2";
			};
			name = Release;
		};
		FA74603822BCA0A90047115C /* Debug */ = {
			isa = XCBuildConfiguration;
			buildSettings = {
				ALWAYS_EMBED_SWIFT_STANDARD_LIBRARIES = YES;
				BUNDLE_LOADER = "$(TEST_HOST)";
				CODE_SIGN_STYLE = Automatic;
				INFOPLIST_FILE = "to do listTests/Info.plist";
				LD_RUNPATH_SEARCH_PATHS = (
					"$(inherited)",
					"@executable_path/Frameworks",
					"@loader_path/Frameworks",
				);
				PRODUCT_BUNDLE_IDENTIFIER = "com.to-do-listTests";
				PRODUCT_NAME = "$(TARGET_NAME)";
				SWIFT_VERSION = 5.0;
				TARGETED_DEVICE_FAMILY = "1,2";
				TEST_HOST = "$(BUILT_PRODUCTS_DIR)/to do list.app/to do list";
			};
			name = Debug;
		};
		FA74603922BCA0A90047115C /* Release */ = {
			isa = XCBuildConfiguration;
			buildSettings = {
				ALWAYS_EMBED_SWIFT_STANDARD_LIBRARIES = YES;
				BUNDLE_LOADER = "$(TEST_HOST)";
				CODE_SIGN_STYLE = Automatic;
				INFOPLIST_FILE = "to do listTests/Info.plist";
				LD_RUNPATH_SEARCH_PATHS = (
					"$(inherited)",
					"@executable_path/Frameworks",
					"@loader_path/Frameworks",
				);
				PRODUCT_BUNDLE_IDENTIFIER = "com.to-do-listTests";
				PRODUCT_NAME = "$(TARGET_NAME)";
				SWIFT_VERSION = 5.0;
				TARGETED_DEVICE_FAMILY = "1,2";
				TEST_HOST = "$(BUILT_PRODUCTS_DIR)/to do list.app/to do list";
			};
			name = Release;
		};
		FA74603B22BCA0A90047115C /* Debug */ = {
			isa = XCBuildConfiguration;
			buildSettings = {
				ALWAYS_EMBED_SWIFT_STANDARD_LIBRARIES = YES;
				CODE_SIGN_STYLE = Automatic;
				INFOPLIST_FILE = "to do listUITests/Info.plist";
				LD_RUNPATH_SEARCH_PATHS = (
					"$(inherited)",
					"@executable_path/Frameworks",
					"@loader_path/Frameworks",
				);
				PRODUCT_BUNDLE_IDENTIFIER = "com.to-do-listUITests";
				PRODUCT_NAME = "$(TARGET_NAME)";
				SWIFT_VERSION = 5.0;
				TARGETED_DEVICE_FAMILY = "1,2";
				TEST_TARGET_NAME = "to do list";
			};
			name = Debug;
		};
		FA74603C22BCA0A90047115C /* Release */ = {
			isa = XCBuildConfiguration;
			buildSettings = {
				ALWAYS_EMBED_SWIFT_STANDARD_LIBRARIES = YES;
				CODE_SIGN_STYLE = Automatic;
				INFOPLIST_FILE = "to do listUITests/Info.plist";
				LD_RUNPATH_SEARCH_PATHS = (
					"$(inherited)",
					"@executable_path/Frameworks",
					"@loader_path/Frameworks",
				);
				PRODUCT_BUNDLE_IDENTIFIER = "com.to-do-listUITests";
				PRODUCT_NAME = "$(TARGET_NAME)";
				SWIFT_VERSION = 5.0;
				TARGETED_DEVICE_FAMILY = "1,2";
				TEST_TARGET_NAME = "to do list";
			};
			name = Release;
		};
/* End XCBuildConfiguration section */

/* Begin XCConfigurationList section */
		FA74600522BCA0A70047115C /* Build configuration list for PBXProject "to do list" */ = {
			isa = XCConfigurationList;
			buildConfigurations = (
				FA74603222BCA0A90047115C /* Debug */,
				FA74603322BCA0A90047115C /* Release */,
			);
			defaultConfigurationIsVisible = 0;
			defaultConfigurationName = Release;
		};
		FA74603422BCA0A90047115C /* Build configuration list for PBXNativeTarget "to do list" */ = {
			isa = XCConfigurationList;
			buildConfigurations = (
				FA74603522BCA0A90047115C /* Debug */,
				FA74603622BCA0A90047115C /* Release */,
			);
			defaultConfigurationIsVisible = 0;
			defaultConfigurationName = Release;
		};
		FA74603722BCA0A90047115C /* Build configuration list for PBXNativeTarget "to do listTests" */ = {
			isa = XCConfigurationList;
			buildConfigurations = (
				FA74603822BCA0A90047115C /* Debug */,
				FA74603922BCA0A90047115C /* Release */,
			);
			defaultConfigurationIsVisible = 0;
			defaultConfigurationName = Release;
		};
		FA74603A22BCA0A90047115C /* Build configuration list for PBXNativeTarget "to do listUITests" */ = {
			isa = XCConfigurationList;
			buildConfigurations = (
				FA74603B22BCA0A90047115C /* Debug */,
				FA74603C22BCA0A90047115C /* Release */,
			);
			defaultConfigurationIsVisible = 0;
			defaultConfigurationName = Release;
		};
/* End XCConfigurationList section */
	};
	rootObject = FA74600222BCA0A70047115C /* Project object */;
}
