// !$*UTF8*$!
{
	archiveVersion = 1;
	classes = {
	};
	objectVersion = 50;
	objects = {

/* Begin PBXBuildFile section */
		FA5074C922C36C22004D10FF /* AppDelegate.swift in Sources */ = {isa = PBXBuildFile; fileRef = FA5074C822C36C22004D10FF /* AppDelegate.swift */; };
		FA5074CB22C36C22004D10FF /* ViewController.swift in Sources */ = {isa = PBXBuildFile; fileRef = FA5074CA22C36C22004D10FF /* ViewController.swift */; };
		FA5074CE22C36C22004D10FF /* Main.storyboard in Resources */ = {isa = PBXBuildFile; fileRef = FA5074CC22C36C22004D10FF /* Main.storyboard */; };
		FA5074D122C36C22004D10FF /* calculator.xcdatamodeld in Sources */ = {isa = PBXBuildFile; fileRef = FA5074CF22C36C22004D10FF /* calculator.xcdatamodeld */; };
		FA5074D322C36C28004D10FF /* Assets.xcassets in Resources */ = {isa = PBXBuildFile; fileRef = FA5074D222C36C28004D10FF /* Assets.xcassets */; };
		FA5074D622C36C28004D10FF /* LaunchScreen.storyboard in Resources */ = {isa = PBXBuildFile; fileRef = FA5074D422C36C28004D10FF /* LaunchScreen.storyboard */; };
		FA5074E122C36C28004D10FF /* calculatorTests.swift in Sources */ = {isa = PBXBuildFile; fileRef = FA5074E022C36C28004D10FF /* calculatorTests.swift */; };
		FA5074EC22C36C28004D10FF /* calculatorUITests.swift in Sources */ = {isa = PBXBuildFile; fileRef = FA5074EB22C36C28004D10FF /* calculatorUITests.swift */; };
/* End PBXBuildFile section */

/* Begin PBXContainerItemProxy section */
		FA5074DD22C36C28004D10FF /* PBXContainerItemProxy */ = {
			isa = PBXContainerItemProxy;
			containerPortal = FA5074BD22C36C22004D10FF /* Project object */;
			proxyType = 1;
			remoteGlobalIDString = FA5074C422C36C22004D10FF;
			remoteInfo = calculator;
		};
		FA5074E822C36C28004D10FF /* PBXContainerItemProxy */ = {
			isa = PBXContainerItemProxy;
			containerPortal = FA5074BD22C36C22004D10FF /* Project object */;
			proxyType = 1;
			remoteGlobalIDString = FA5074C422C36C22004D10FF;
			remoteInfo = calculator;
		};
/* End PBXContainerItemProxy section */

/* Begin PBXFileReference section */
		FA5074C522C36C22004D10FF /* calculator.app */ = {isa = PBXFileReference; explicitFileType = wrapper.application; includeInIndex = 0; path = calculator.app; sourceTree = BUILT_PRODUCTS_DIR; };
		FA5074C822C36C22004D10FF /* AppDelegate.swift */ = {isa = PBXFileReference; lastKnownFileType = sourcecode.swift; path = AppDelegate.swift; sourceTree = "<group>"; };
		FA5074CA22C36C22004D10FF /* ViewController.swift */ = {isa = PBXFileReference; lastKnownFileType = sourcecode.swift; path = ViewController.swift; sourceTree = "<group>"; };
		FA5074CD22C36C22004D10FF /* Base */ = {isa = PBXFileReference; lastKnownFileType = file.storyboard; name = Base; path = Base.lproj/Main.storyboard; sourceTree = "<group>"; };
		FA5074D022C36C22004D10FF /* calculator.xcdatamodel */ = {isa = PBXFileReference; lastKnownFileType = wrapper.xcdatamodel; path = calculator.xcdatamodel; sourceTree = "<group>"; };
		FA5074D222C36C28004D10FF /* Assets.xcassets */ = {isa = PBXFileReference; lastKnownFileType = folder.assetcatalog; path = Assets.xcassets; sourceTree = "<group>"; };
		FA5074D522C36C28004D10FF /* Base */ = {isa = PBXFileReference; lastKnownFileType = file.storyboard; name = Base; path = Base.lproj/LaunchScreen.storyboard; sourceTree = "<group>"; };
		FA5074D722C36C28004D10FF /* Info.plist */ = {isa = PBXFileReference; lastKnownFileType = text.plist.xml; path = Info.plist; sourceTree = "<group>"; };
		FA5074DC22C36C28004D10FF /* calculatorTests.xctest */ = {isa = PBXFileReference; explicitFileType = wrapper.cfbundle; includeInIndex = 0; path = calculatorTests.xctest; sourceTree = BUILT_PRODUCTS_DIR; };
		FA5074E022C36C28004D10FF /* calculatorTests.swift */ = {isa = PBXFileReference; lastKnownFileType = sourcecode.swift; path = calculatorTests.swift; sourceTree = "<group>"; };
		FA5074E222C36C28004D10FF /* Info.plist */ = {isa = PBXFileReference; lastKnownFileType = text.plist.xml; path = Info.plist; sourceTree = "<group>"; };
		FA5074E722C36C28004D10FF /* calculatorUITests.xctest */ = {isa = PBXFileReference; explicitFileType = wrapper.cfbundle; includeInIndex = 0; path = calculatorUITests.xctest; sourceTree = BUILT_PRODUCTS_DIR; };
		FA5074EB22C36C28004D10FF /* calculatorUITests.swift */ = {isa = PBXFileReference; lastKnownFileType = sourcecode.swift; path = calculatorUITests.swift; sourceTree = "<group>"; };
		FA5074ED22C36C28004D10FF /* Info.plist */ = {isa = PBXFileReference; lastKnownFileType = text.plist.xml; path = Info.plist; sourceTree = "<group>"; };
/* End PBXFileReference section */

/* Begin PBXFrameworksBuildPhase section */
		FA5074C222C36C22004D10FF /* Frameworks */ = {
			isa = PBXFrameworksBuildPhase;
			buildActionMask = 2147483647;
			files = (
			);
			runOnlyForDeploymentPostprocessing = 0;
		};
		FA5074D922C36C28004D10FF /* Frameworks */ = {
			isa = PBXFrameworksBuildPhase;
			buildActionMask = 2147483647;
			files = (
			);
			runOnlyForDeploymentPostprocessing = 0;
		};
		FA5074E422C36C28004D10FF /* Frameworks */ = {
			isa = PBXFrameworksBuildPhase;
			buildActionMask = 2147483647;
			files = (
			);
			runOnlyForDeploymentPostprocessing = 0;
		};
/* End PBXFrameworksBuildPhase section */

/* Begin PBXGroup section */
		FA5074BC22C36C22004D10FF = {
			isa = PBXGroup;
			children = (
				FA5074C722C36C22004D10FF /* calculator */,
				FA5074DF22C36C28004D10FF /* calculatorTests */,
				FA5074EA22C36C28004D10FF /* calculatorUITests */,
				FA5074C622C36C22004D10FF /* Products */,
			);
			sourceTree = "<group>";
		};
		FA5074C622C36C22004D10FF /* Products */ = {
			isa = PBXGroup;
			children = (
				FA5074C522C36C22004D10FF /* calculator.app */,
				FA5074DC22C36C28004D10FF /* calculatorTests.xctest */,
				FA5074E722C36C28004D10FF /* calculatorUITests.xctest */,
			);
			name = Products;
			sourceTree = "<group>";
		};
		FA5074C722C36C22004D10FF /* calculator */ = {
			isa = PBXGroup;
			children = (
				FA5074C822C36C22004D10FF /* AppDelegate.swift */,
				FA5074CA22C36C22004D10FF /* ViewController.swift */,
				FA5074CC22C36C22004D10FF /* Main.storyboard */,
				FA5074D222C36C28004D10FF /* Assets.xcassets */,
				FA5074D422C36C28004D10FF /* LaunchScreen.storyboard */,
				FA5074D722C36C28004D10FF /* Info.plist */,
				FA5074CF22C36C22004D10FF /* calculator.xcdatamodeld */,
			);
			path = calculator;
			sourceTree = "<group>";
		};
		FA5074DF22C36C28004D10FF /* calculatorTests */ = {
			isa = PBXGroup;
			children = (
				FA5074E022C36C28004D10FF /* calculatorTests.swift */,
				FA5074E222C36C28004D10FF /* Info.plist */,
			);
			path = calculatorTests;
			sourceTree = "<group>";
		};
		FA5074EA22C36C28004D10FF /* calculatorUITests */ = {
			isa = PBXGroup;
			children = (
				FA5074EB22C36C28004D10FF /* calculatorUITests.swift */,
				FA5074ED22C36C28004D10FF /* Info.plist */,
			);
			path = calculatorUITests;
			sourceTree = "<group>";
		};
/* End PBXGroup section */

/* Begin PBXNativeTarget section */
		FA5074C422C36C22004D10FF /* calculator */ = {
			isa = PBXNativeTarget;
			buildConfigurationList = FA5074F022C36C28004D10FF /* Build configuration list for PBXNativeTarget "calculator" */;
			buildPhases = (
				FA5074C122C36C22004D10FF /* Sources */,
				FA5074C222C36C22004D10FF /* Frameworks */,
				FA5074C322C36C22004D10FF /* Resources */,
			);
			buildRules = (
			);
			dependencies = (
			);
			name = calculator;
			productName = calculator;
			productReference = FA5074C522C36C22004D10FF /* calculator.app */;
			productType = "com.apple.product-type.application";
		};
		FA5074DB22C36C28004D10FF /* calculatorTests */ = {
			isa = PBXNativeTarget;
			buildConfigurationList = FA5074F322C36C28004D10FF /* Build configuration list for PBXNativeTarget "calculatorTests" */;
			buildPhases = (
				FA5074D822C36C28004D10FF /* Sources */,
				FA5074D922C36C28004D10FF /* Frameworks */,
				FA5074DA22C36C28004D10FF /* Resources */,
			);
			buildRules = (
			);
			dependencies = (
				FA5074DE22C36C28004D10FF /* PBXTargetDependency */,
			);
			name = calculatorTests;
			productName = calculatorTests;
			productReference = FA5074DC22C36C28004D10FF /* calculatorTests.xctest */;
			productType = "com.apple.product-type.bundle.unit-test";
		};
		FA5074E622C36C28004D10FF /* calculatorUITests */ = {
			isa = PBXNativeTarget;
			buildConfigurationList = FA5074F622C36C28004D10FF /* Build configuration list for PBXNativeTarget "calculatorUITests" */;
			buildPhases = (
				FA5074E322C36C28004D10FF /* Sources */,
				FA5074E422C36C28004D10FF /* Frameworks */,
				FA5074E522C36C28004D10FF /* Resources */,
			);
			buildRules = (
			);
			dependencies = (
				FA5074E922C36C28004D10FF /* PBXTargetDependency */,
			);
			name = calculatorUITests;
			productName = calculatorUITests;
			productReference = FA5074E722C36C28004D10FF /* calculatorUITests.xctest */;
			productType = "com.apple.product-type.bundle.ui-testing";
		};
/* End PBXNativeTarget section */

/* Begin PBXProject section */
		FA5074BD22C36C22004D10FF /* Project object */ = {
			isa = PBXProject;
			attributes = {
				LastSwiftUpdateCheck = 1020;
				LastUpgradeCheck = 1020;
				ORGANIZATIONNAME = macbook;
				TargetAttributes = {
					FA5074C422C36C22004D10FF = {
						CreatedOnToolsVersion = 10.2.1;
					};
					FA5074DB22C36C28004D10FF = {
						CreatedOnToolsVersion = 10.2.1;
						TestTargetID = FA5074C422C36C22004D10FF;
					};
					FA5074E622C36C28004D10FF = {
						CreatedOnToolsVersion = 10.2.1;
						TestTargetID = FA5074C422C36C22004D10FF;
					};
				};
			};
			buildConfigurationList = FA5074C022C36C22004D10FF /* Build configuration list for PBXProject "calculator" */;
			compatibilityVersion = "Xcode 9.3";
			developmentRegion = en;
			hasScannedForEncodings = 0;
			knownRegions = (
				en,
				Base,
			);
			mainGroup = FA5074BC22C36C22004D10FF;
			productRefGroup = FA5074C622C36C22004D10FF /* Products */;
			projectDirPath = "";
			projectRoot = "";
			targets = (
				FA5074C422C36C22004D10FF /* calculator */,
				FA5074DB22C36C28004D10FF /* calculatorTests */,
				FA5074E622C36C28004D10FF /* calculatorUITests */,
			);
		};
/* End PBXProject section */

/* Begin PBXResourcesBuildPhase section */
		FA5074C322C36C22004D10FF /* Resources */ = {
			isa = PBXResourcesBuildPhase;
			buildActionMask = 2147483647;
			files = (
				FA5074D622C36C28004D10FF /* LaunchScreen.storyboard in Resources */,
				FA5074D322C36C28004D10FF /* Assets.xcassets in Resources */,
				FA5074CE22C36C22004D10FF /* Main.storyboard in Resources */,
			);
			runOnlyForDeploymentPostprocessing = 0;
		};
		FA5074DA22C36C28004D10FF /* Resources */ = {
			isa = PBXResourcesBuildPhase;
			buildActionMask = 2147483647;
			files = (
			);
			runOnlyForDeploymentPostprocessing = 0;
		};
		FA5074E522C36C28004D10FF /* Resources */ = {
			isa = PBXResourcesBuildPhase;
			buildActionMask = 2147483647;
			files = (
			);
			runOnlyForDeploymentPostprocessing = 0;
		};
/* End PBXResourcesBuildPhase section */

/* Begin PBXSourcesBuildPhase section */
		FA5074C122C36C22004D10FF /* Sources */ = {
			isa = PBXSourcesBuildPhase;
			buildActionMask = 2147483647;
			files = (
				FA5074CB22C36C22004D10FF /* ViewController.swift in Sources */,
				FA5074D122C36C22004D10FF /* calculator.xcdatamodeld in Sources */,
				FA5074C922C36C22004D10FF /* AppDelegate.swift in Sources */,
			);
			runOnlyForDeploymentPostprocessing = 0;
		};
		FA5074D822C36C28004D10FF /* Sources */ = {
			isa = PBXSourcesBuildPhase;
			buildActionMask = 2147483647;
			files = (
				FA5074E122C36C28004D10FF /* calculatorTests.swift in Sources */,
			);
			runOnlyForDeploymentPostprocessing = 0;
		};
		FA5074E322C36C28004D10FF /* Sources */ = {
			isa = PBXSourcesBuildPhase;
			buildActionMask = 2147483647;
			files = (
				FA5074EC22C36C28004D10FF /* calculatorUITests.swift in Sources */,
			);
			runOnlyForDeploymentPostprocessing = 0;
		};
/* End PBXSourcesBuildPhase section */

/* Begin PBXTargetDependency section */
		FA5074DE22C36C28004D10FF /* PBXTargetDependency */ = {
			isa = PBXTargetDependency;
			target = FA5074C422C36C22004D10FF /* calculator */;
			targetProxy = FA5074DD22C36C28004D10FF /* PBXContainerItemProxy */;
		};
		FA5074E922C36C28004D10FF /* PBXTargetDependency */ = {
			isa = PBXTargetDependency;
			target = FA5074C422C36C22004D10FF /* calculator */;
			targetProxy = FA5074E822C36C28004D10FF /* PBXContainerItemProxy */;
		};
/* End PBXTargetDependency section */

/* Begin PBXVariantGroup section */
		FA5074CC22C36C22004D10FF /* Main.storyboard */ = {
			isa = PBXVariantGroup;
			children = (
				FA5074CD22C36C22004D10FF /* Base */,
			);
			name = Main.storyboard;
			sourceTree = "<group>";
		};
		FA5074D422C36C28004D10FF /* LaunchScreen.storyboard */ = {
			isa = PBXVariantGroup;
			children = (
				FA5074D522C36C28004D10FF /* Base */,
			);
			name = LaunchScreen.storyboard;
			sourceTree = "<group>";
		};
/* End PBXVariantGroup section */

/* Begin XCBuildConfiguration section */
		FA5074EE22C36C28004D10FF /* Debug */ = {
			isa = XCBuildConfiguration;
			buildSettings = {
				ALWAYS_SEARCH_USER_PATHS = NO;
				CLANG_ANALYZER_NONNULL = YES;
				CLANG_ANALYZER_NUMBER_OBJECT_CONVERSION = YES_AGGRESSIVE;
				CLANG_CXX_LANGUAGE_STANDARD = "gnu++14";
				CLANG_CXX_LIBRARY = "libc++";
				CLANG_ENABLE_MODULES = YES;
				CLANG_ENABLE_OBJC_ARC = YES;
				CLANG_ENABLE_OBJC_WEAK = YES;
				CLANG_WARN_BLOCK_CAPTURE_AUTORELEASING = YES;
				CLANG_WARN_BOOL_CONVERSION = YES;
				CLANG_WARN_COMMA = YES;
				CLANG_WARN_CONSTANT_CONVERSION = YES;
				CLANG_WARN_DEPRECATED_OBJC_IMPLEMENTATIONS = YES;
				CLANG_WARN_DIRECT_OBJC_ISA_USAGE = YES_ERROR;
				CLANG_WARN_DOCUMENTATION_COMMENTS = YES;
				CLANG_WARN_EMPTY_BODY = YES;
				CLANG_WARN_ENUM_CONVERSION = YES;
				CLANG_WARN_INFINITE_RECURSION = YES;
				CLANG_WARN_INT_CONVERSION = YES;
				CLANG_WARN_NON_LITERAL_NULL_CONVERSION = YES;
				CLANG_WARN_OBJC_IMPLICIT_RETAIN_SELF = YES;
				CLANG_WARN_OBJC_LITERAL_CONVERSION = YES;
				CLANG_WARN_OBJC_ROOT_CLASS = YES_ERROR;
				CLANG_WARN_RANGE_LOOP_ANALYSIS = YES;
				CLANG_WARN_STRICT_PROTOTYPES = YES;
				CLANG_WARN_SUSPICIOUS_MOVE = YES;
				CLANG_WARN_UNGUARDED_AVAILABILITY = YES_AGGRESSIVE;
				CLANG_WARN_UNREACHABLE_CODE = YES;
				CLANG_WARN__DUPLICATE_METHOD_MATCH = YES;
				CODE_SIGN_IDENTITY = "iPhone Developer";
				COPY_PHASE_STRIP = NO;
				DEBUG_INFORMATION_FORMAT = dwarf;
				ENABLE_STRICT_OBJC_MSGSEND = YES;
				ENABLE_TESTABILITY = YES;
				GCC_C_LANGUAGE_STANDARD = gnu11;
				GCC_DYNAMIC_NO_PIC = NO;
				GCC_NO_COMMON_BLOCKS = YES;
				GCC_OPTIMIZATION_LEVEL = 0;
				GCC_PREPROCESSOR_DEFINITIONS = (
					"DEBUG=1",
					"$(inherited)",
				);
				GCC_WARN_64_TO_32_BIT_CONVERSION = YES;
				GCC_WARN_ABOUT_RETURN_TYPE = YES_ERROR;
				GCC_WARN_UNDECLARED_SELECTOR = YES;
				GCC_WARN_UNINITIALIZED_AUTOS = YES_AGGRESSIVE;
				GCC_WARN_UNUSED_FUNCTION = YES;
				GCC_WARN_UNUSED_VARIABLE = YES;
				IPHONEOS_DEPLOYMENT_TARGET = 12.2;
				MTL_ENABLE_DEBUG_INFO = INCLUDE_SOURCE;
				MTL_FAST_MATH = YES;
				ONLY_ACTIVE_ARCH = YES;
				SDKROOT = iphoneos;
				SWIFT_ACTIVE_COMPILATION_CONDITIONS = DEBUG;
				SWIFT_OPTIMIZATION_LEVEL = "-Onone";
			};
			name = Debug;
		};
		FA5074EF22C36C28004D10FF /* Release */ = {
			isa = XCBuildConfiguration;
			buildSettings = {
				ALWAYS_SEARCH_USER_PATHS = NO;
				CLANG_ANALYZER_NONNULL = YES;
				CLANG_ANALYZER_NUMBER_OBJECT_CONVERSION = YES_AGGRESSIVE;
				CLANG_CXX_LANGUAGE_STANDARD = "gnu++14";
				CLANG_CXX_LIBRARY = "libc++";
				CLANG_ENABLE_MODULES = YES;
				CLANG_ENABLE_OBJC_ARC = YES;
				CLANG_ENABLE_OBJC_WEAK = YES;
				CLANG_WARN_BLOCK_CAPTURE_AUTORELEASING = YES;
				CLANG_WARN_BOOL_CONVERSION = YES;
				CLANG_WARN_COMMA = YES;
				CLANG_WARN_CONSTANT_CONVERSION = YES;
				CLANG_WARN_DEPRECATED_OBJC_IMPLEMENTATIONS = YES;
				CLANG_WARN_DIRECT_OBJC_ISA_USAGE = YES_ERROR;
				CLANG_WARN_DOCUMENTATION_COMMENTS = YES;
				CLANG_WARN_EMPTY_BODY = YES;
				CLANG_WARN_ENUM_CONVERSION = YES;
				CLANG_WARN_INFINITE_RECURSION = YES;
				CLANG_WARN_INT_CONVERSION = YES;
				CLANG_WARN_NON_LITERAL_NULL_CONVERSION = YES;
				CLANG_WARN_OBJC_IMPLICIT_RETAIN_SELF = YES;
				CLANG_WARN_OBJC_LITERAL_CONVERSION = YES;
				CLANG_WARN_OBJC_ROOT_CLASS = YES_ERROR;
				CLANG_WARN_RANGE_LOOP_ANALYSIS = YES;
				CLANG_WARN_STRICT_PROTOTYPES = YES;
				CLANG_WARN_SUSPICIOUS_MOVE = YES;
				CLANG_WARN_UNGUARDED_AVAILABILITY = YES_AGGRESSIVE;
				CLANG_WARN_UNREACHABLE_CODE = YES;
				CLANG_WARN__DUPLICATE_METHOD_MATCH = YES;
				CODE_SIGN_IDENTITY = "iPhone Developer";
				COPY_PHASE_STRIP = NO;
				DEBUG_INFORMATION_FORMAT = "dwarf-with-dsym";
				ENABLE_NS_ASSERTIONS = NO;
				ENABLE_STRICT_OBJC_MSGSEND = YES;
				GCC_C_LANGUAGE_STANDARD = gnu11;
				GCC_NO_COMMON_BLOCKS = YES;
				GCC_WARN_64_TO_32_BIT_CONVERSION = YES;
				GCC_WARN_ABOUT_RETURN_TYPE = YES_ERROR;
				GCC_WARN_UNDECLARED_SELECTOR = YES;
				GCC_WARN_UNINITIALIZED_AUTOS = YES_AGGRESSIVE;
				GCC_WARN_UNUSED_FUNCTION = YES;
				GCC_WARN_UNUSED_VARIABLE = YES;
				IPHONEOS_DEPLOYMENT_TARGET = 12.2;
				MTL_ENABLE_DEBUG_INFO = NO;
				MTL_FAST_MATH = YES;
				SDKROOT = iphoneos;
				SWIFT_COMPILATION_MODE = wholemodule;
				SWIFT_OPTIMIZATION_LEVEL = "-O";
				VALIDATE_PRODUCT = YES;
			};
			name = Release;
		};
		FA5074F122C36C28004D10FF /* Debug */ = {
			isa = XCBuildConfiguration;
			buildSettings = {
				ASSETCATALOG_COMPILER_APPICON_NAME = AppIcon;
				CODE_SIGN_STYLE = Automatic;
				INFOPLIST_FILE = calculator/Info.plist;
				LD_RUNPATH_SEARCH_PATHS = (
					"$(inherited)",
					"@executable_path/Frameworks",
				);
				PRODUCT_BUNDLE_IDENTIFIER = com.calculator;
				PRODUCT_NAME = "$(TARGET_NAME)";
				SWIFT_VERSION = 5.0;
				TARGETED_DEVICE_FAMILY = "1,2";
			};
			name = Debug;
		};
		FA5074F222C36C28004D10FF /* Release */ = {
			isa = XCBuildConfiguration;
			buildSettings = {
				ASSETCATALOG_COMPILER_APPICON_NAME = AppIcon;
				CODE_SIGN_STYLE = Automatic;
				INFOPLIST_FILE = calculator/Info.plist;
				LD_RUNPATH_SEARCH_PATHS = (
					"$(inherited)",
					"@executable_path/Frameworks",
				);
				PRODUCT_BUNDLE_IDENTIFIER = com.calculator;
				PRODUCT_NAME = "$(TARGET_NAME)";
				SWIFT_VERSION = 5.0;
				TARGETED_DEVICE_FAMILY = "1,2";
			};
			name = Release;
		};
		FA5074F422C36C28004D10FF /* Debug */ = {
			isa = XCBuildConfiguration;
			buildSettings = {
				ALWAYS_EMBED_SWIFT_STANDARD_LIBRARIES = YES;
				BUNDLE_LOADER = "$(TEST_HOST)";
				CODE_SIGN_STYLE = Automatic;
				INFOPLIST_FILE = calculatorTests/Info.plist;
				LD_RUNPATH_SEARCH_PATHS = (
					"$(inherited)",
					"@executable_path/Frameworks",
					"@loader_path/Frameworks",
				);
				PRODUCT_BUNDLE_IDENTIFIER = com.calculatorTests;
				PRODUCT_NAME = "$(TARGET_NAME)";
				SWIFT_VERSION = 5.0;
				TARGETED_DEVICE_FAMILY = "1,2";
				TEST_HOST = "$(BUILT_PRODUCTS_DIR)/calculator.app/calculator";
			};
			name = Debug;
		};
		FA5074F522C36C28004D10FF /* Release */ = {
			isa = XCBuildConfiguration;
			buildSettings = {
				ALWAYS_EMBED_SWIFT_STANDARD_LIBRARIES = YES;
				BUNDLE_LOADER = "$(TEST_HOST)";
				CODE_SIGN_STYLE = Automatic;
				INFOPLIST_FILE = calculatorTests/Info.plist;
				LD_RUNPATH_SEARCH_PATHS = (
					"$(inherited)",
					"@executable_path/Frameworks",
					"@loader_path/Frameworks",
				);
				PRODUCT_BUNDLE_IDENTIFIER = com.calculatorTests;
				PRODUCT_NAME = "$(TARGET_NAME)";
				SWIFT_VERSION = 5.0;
				TARGETED_DEVICE_FAMILY = "1,2";
				TEST_HOST = "$(BUILT_PRODUCTS_DIR)/calculator.app/calculator";
			};
			name = Release;
		};
		FA5074F722C36C28004D10FF /* Debug */ = {
			isa = XCBuildConfiguration;
			buildSettings = {
				ALWAYS_EMBED_SWIFT_STANDARD_LIBRARIES = YES;
				CODE_SIGN_STYLE = Automatic;
				INFOPLIST_FILE = calculatorUITests/Info.plist;
				LD_RUNPATH_SEARCH_PATHS = (
					"$(inherited)",
					"@executable_path/Frameworks",
					"@loader_path/Frameworks",
				);
				PRODUCT_BUNDLE_IDENTIFIER = com.calculatorUITests;
				PRODUCT_NAME = "$(TARGET_NAME)";
				SWIFT_VERSION = 5.0;
				TARGETED_DEVICE_FAMILY = "1,2";
				TEST_TARGET_NAME = calculator;
			};
			name = Debug;
		};
		FA5074F822C36C28004D10FF /* Release */ = {
			isa = XCBuildConfiguration;
			buildSettings = {
				ALWAYS_EMBED_SWIFT_STANDARD_LIBRARIES = YES;
				CODE_SIGN_STYLE = Automatic;
				INFOPLIST_FILE = calculatorUITests/Info.plist;
				LD_RUNPATH_SEARCH_PATHS = (
					"$(inherited)",
					"@executable_path/Frameworks",
					"@loader_path/Frameworks",
				);
				PRODUCT_BUNDLE_IDENTIFIER = com.calculatorUITests;
				PRODUCT_NAME = "$(TARGET_NAME)";
				SWIFT_VERSION = 5.0;
				TARGETED_DEVICE_FAMILY = "1,2";
				TEST_TARGET_NAME = calculator;
			};
			name = Release;
		};
/* End XCBuildConfiguration section */

/* Begin XCConfigurationList section */
		FA5074C022C36C22004D10FF /* Build configuration list for PBXProject "calculator" */ = {
			isa = XCConfigurationList;
			buildConfigurations = (
				FA5074EE22C36C28004D10FF /* Debug */,
				FA5074EF22C36C28004D10FF /* Release */,
			);
			defaultConfigurationIsVisible = 0;
			defaultConfigurationName = Release;
		};
		FA5074F022C36C28004D10FF /* Build configuration list for PBXNativeTarget "calculator" */ = {
			isa = XCConfigurationList;
			buildConfigurations = (
				FA5074F122C36C28004D10FF /* Debug */,
				FA5074F222C36C28004D10FF /* Release */,
			);
			defaultConfigurationIsVisible = 0;
			defaultConfigurationName = Release;
		};
		FA5074F322C36C28004D10FF /* Build configuration list for PBXNativeTarget "calculatorTests" */ = {
			isa = XCConfigurationList;
			buildConfigurations = (
				FA5074F422C36C28004D10FF /* Debug */,
				FA5074F522C36C28004D10FF /* Release */,
			);
			defaultConfigurationIsVisible = 0;
			defaultConfigurationName = Release;
		};
		FA5074F622C36C28004D10FF /* Build configuration list for PBXNativeTarget "calculatorUITests" */ = {
			isa = XCConfigurationList;
			buildConfigurations = (
				FA5074F722C36C28004D10FF /* Debug */,
				FA5074F822C36C28004D10FF /* Release */,
			);
			defaultConfigurationIsVisible = 0;
			defaultConfigurationName = Release;
		};
/* End XCConfigurationList section */

/* Begin XCVersionGroup section */
		FA5074CF22C36C22004D10FF /* calculator.xcdatamodeld */ = {
			isa = XCVersionGroup;
			children = (
				FA5074D022C36C22004D10FF /* calculator.xcdatamodel */,
			);
			currentVersion = FA5074D022C36C22004D10FF /* calculator.xcdatamodel */;
			path = calculator.xcdatamodeld;
			sourceTree = "<group>";
			versionGroupType = wrapper.xcdatamodel;
		};
/* End XCVersionGroup section */
	};
	rootObject = FA5074BD22C36C22004D10FF /* Project object */;
}
