// !$*UTF8*$!
{
	archiveVersion = 1;
	classes = {
	};
	objectVersion = 50;
	objects = {

/* Begin PBXBuildFile section */
		FA6CB5A922BB8EDA00204969 /* AppDelegate.swift in Sources */ = {isa = PBXBuildFile; fileRef = FA6CB5A822BB8EDA00204969 /* AppDelegate.swift */; };
		FA6CB5AB22BB8EDA00204969 /* ViewController.swift in Sources */ = {isa = PBXBuildFile; fileRef = FA6CB5AA22BB8EDA00204969 /* ViewController.swift */; };
		FA6CB5AE22BB8EDA00204969 /* Main.storyboard in Resources */ = {isa = PBXBuildFile; fileRef = FA6CB5AC22BB8EDA00204969 /* Main.storyboard */; };
		FA6CB5B122BB8EDA00204969 /* Time_Tables.xcdatamodeld in Sources */ = {isa = PBXBuildFile; fileRef = FA6CB5AF22BB8EDA00204969 /* Time_Tables.xcdatamodeld */; };
		FA6CB5B322BB8EDC00204969 /* Assets.xcassets in Resources */ = {isa = PBXBuildFile; fileRef = FA6CB5B222BB8EDC00204969 /* Assets.xcassets */; };
		FA6CB5B622BB8EDC00204969 /* LaunchScreen.storyboard in Resources */ = {isa = PBXBuildFile; fileRef = FA6CB5B422BB8EDC00204969 /* LaunchScreen.storyboard */; };
		FA6CB5C122BB8EDC00204969 /* Time_TablesTests.swift in Sources */ = {isa = PBXBuildFile; fileRef = FA6CB5C022BB8EDC00204969 /* Time_TablesTests.swift */; };
		FA6CB5CC22BB8EDC00204969 /* Time_TablesUITests.swift in Sources */ = {isa = PBXBuildFile; fileRef = FA6CB5CB22BB8EDC00204969 /* Time_TablesUITests.swift */; };
/* End PBXBuildFile section */

/* Begin PBXContainerItemProxy section */
		FA6CB5BD22BB8EDC00204969 /* PBXContainerItemProxy */ = {
			isa = PBXContainerItemProxy;
			containerPortal = FA6CB59D22BB8EDA00204969 /* Project object */;
			proxyType = 1;
			remoteGlobalIDString = FA6CB5A422BB8EDA00204969;
			remoteInfo = "Time Tables";
		};
		FA6CB5C822BB8EDC00204969 /* PBXContainerItemProxy */ = {
			isa = PBXContainerItemProxy;
			containerPortal = FA6CB59D22BB8EDA00204969 /* Project object */;
			proxyType = 1;
			remoteGlobalIDString = FA6CB5A422BB8EDA00204969;
			remoteInfo = "Time Tables";
		};
/* End PBXContainerItemProxy section */

/* Begin PBXFileReference section */
		FA6CB5A522BB8EDA00204969 /* Time Tables.app */ = {isa = PBXFileReference; explicitFileType = wrapper.application; includeInIndex = 0; path = "Time Tables.app"; sourceTree = BUILT_PRODUCTS_DIR; };
		FA6CB5A822BB8EDA00204969 /* AppDelegate.swift */ = {isa = PBXFileReference; lastKnownFileType = sourcecode.swift; path = AppDelegate.swift; sourceTree = "<group>"; };
		FA6CB5AA22BB8EDA00204969 /* ViewController.swift */ = {isa = PBXFileReference; lastKnownFileType = sourcecode.swift; path = ViewController.swift; sourceTree = "<group>"; };
		FA6CB5AD22BB8EDA00204969 /* Base */ = {isa = PBXFileReference; lastKnownFileType = file.storyboard; name = Base; path = Base.lproj/Main.storyboard; sourceTree = "<group>"; };
		FA6CB5B022BB8EDA00204969 /* Time_Tables.xcdatamodel */ = {isa = PBXFileReference; lastKnownFileType = wrapper.xcdatamodel; path = Time_Tables.xcdatamodel; sourceTree = "<group>"; };
		FA6CB5B222BB8EDC00204969 /* Assets.xcassets */ = {isa = PBXFileReference; lastKnownFileType = folder.assetcatalog; path = Assets.xcassets; sourceTree = "<group>"; };
		FA6CB5B522BB8EDC00204969 /* Base */ = {isa = PBXFileReference; lastKnownFileType = file.storyboard; name = Base; path = Base.lproj/LaunchScreen.storyboard; sourceTree = "<group>"; };
		FA6CB5B722BB8EDC00204969 /* Info.plist */ = {isa = PBXFileReference; lastKnownFileType = text.plist.xml; path = Info.plist; sourceTree = "<group>"; };
		FA6CB5BC22BB8EDC00204969 /* Time TablesTests.xctest */ = {isa = PBXFileReference; explicitFileType = wrapper.cfbundle; includeInIndex = 0; path = "Time TablesTests.xctest"; sourceTree = BUILT_PRODUCTS_DIR; };
		FA6CB5C022BB8EDC00204969 /* Time_TablesTests.swift */ = {isa = PBXFileReference; lastKnownFileType = sourcecode.swift; path = Time_TablesTests.swift; sourceTree = "<group>"; };
		FA6CB5C222BB8EDC00204969 /* Info.plist */ = {isa = PBXFileReference; lastKnownFileType = text.plist.xml; path = Info.plist; sourceTree = "<group>"; };
		FA6CB5C722BB8EDC00204969 /* Time TablesUITests.xctest */ = {isa = PBXFileReference; explicitFileType = wrapper.cfbundle; includeInIndex = 0; path = "Time TablesUITests.xctest"; sourceTree = BUILT_PRODUCTS_DIR; };
		FA6CB5CB22BB8EDC00204969 /* Time_TablesUITests.swift */ = {isa = PBXFileReference; lastKnownFileType = sourcecode.swift; path = Time_TablesUITests.swift; sourceTree = "<group>"; };
		FA6CB5CD22BB8EDC00204969 /* Info.plist */ = {isa = PBXFileReference; lastKnownFileType = text.plist.xml; path = Info.plist; sourceTree = "<group>"; };
/* End PBXFileReference section */

/* Begin PBXFrameworksBuildPhase section */
		FA6CB5A222BB8EDA00204969 /* Frameworks */ = {
			isa = PBXFrameworksBuildPhase;
			buildActionMask = 2147483647;
			files = (
			);
			runOnlyForDeploymentPostprocessing = 0;
		};
		FA6CB5B922BB8EDC00204969 /* Frameworks */ = {
			isa = PBXFrameworksBuildPhase;
			buildActionMask = 2147483647;
			files = (
			);
			runOnlyForDeploymentPostprocessing = 0;
		};
		FA6CB5C422BB8EDC00204969 /* Frameworks */ = {
			isa = PBXFrameworksBuildPhase;
			buildActionMask = 2147483647;
			files = (
			);
			runOnlyForDeploymentPostprocessing = 0;
		};
/* End PBXFrameworksBuildPhase section */

/* Begin PBXGroup section */
		FA6CB59C22BB8EDA00204969 = {
			isa = PBXGroup;
			children = (
				FA6CB5A722BB8EDA00204969 /* Time Tables */,
				FA6CB5BF22BB8EDC00204969 /* Time TablesTests */,
				FA6CB5CA22BB8EDC00204969 /* Time TablesUITests */,
				FA6CB5A622BB8EDA00204969 /* Products */,
			);
			sourceTree = "<group>";
		};
		FA6CB5A622BB8EDA00204969 /* Products */ = {
			isa = PBXGroup;
			children = (
				FA6CB5A522BB8EDA00204969 /* Time Tables.app */,
				FA6CB5BC22BB8EDC00204969 /* Time TablesTests.xctest */,
				FA6CB5C722BB8EDC00204969 /* Time TablesUITests.xctest */,
			);
			name = Products;
			sourceTree = "<group>";
		};
		FA6CB5A722BB8EDA00204969 /* Time Tables */ = {
			isa = PBXGroup;
			children = (
				FA6CB5A822BB8EDA00204969 /* AppDelegate.swift */,
				FA6CB5AA22BB8EDA00204969 /* ViewController.swift */,
				FA6CB5AC22BB8EDA00204969 /* Main.storyboard */,
				FA6CB5B222BB8EDC00204969 /* Assets.xcassets */,
				FA6CB5B422BB8EDC00204969 /* LaunchScreen.storyboard */,
				FA6CB5B722BB8EDC00204969 /* Info.plist */,
				FA6CB5AF22BB8EDA00204969 /* Time_Tables.xcdatamodeld */,
			);
			path = "Time Tables";
			sourceTree = "<group>";
		};
		FA6CB5BF22BB8EDC00204969 /* Time TablesTests */ = {
			isa = PBXGroup;
			children = (
				FA6CB5C022BB8EDC00204969 /* Time_TablesTests.swift */,
				FA6CB5C222BB8EDC00204969 /* Info.plist */,
			);
			path = "Time TablesTests";
			sourceTree = "<group>";
		};
		FA6CB5CA22BB8EDC00204969 /* Time TablesUITests */ = {
			isa = PBXGroup;
			children = (
				FA6CB5CB22BB8EDC00204969 /* Time_TablesUITests.swift */,
				FA6CB5CD22BB8EDC00204969 /* Info.plist */,
			);
			path = "Time TablesUITests";
			sourceTree = "<group>";
		};
/* End PBXGroup section */

/* Begin PBXNativeTarget section */
		FA6CB5A422BB8EDA00204969 /* Time Tables */ = {
			isa = PBXNativeTarget;
			buildConfigurationList = FA6CB5D022BB8EDC00204969 /* Build configuration list for PBXNativeTarget "Time Tables" */;
			buildPhases = (
				FA6CB5A122BB8EDA00204969 /* Sources */,
				FA6CB5A222BB8EDA00204969 /* Frameworks */,
				FA6CB5A322BB8EDA00204969 /* Resources */,
			);
			buildRules = (
			);
			dependencies = (
			);
			name = "Time Tables";
			productName = "Time Tables";
			productReference = FA6CB5A522BB8EDA00204969 /* Time Tables.app */;
			productType = "com.apple.product-type.application";
		};
		FA6CB5BB22BB8EDC00204969 /* Time TablesTests */ = {
			isa = PBXNativeTarget;
			buildConfigurationList = FA6CB5D322BB8EDC00204969 /* Build configuration list for PBXNativeTarget "Time TablesTests" */;
			buildPhases = (
				FA6CB5B822BB8EDC00204969 /* Sources */,
				FA6CB5B922BB8EDC00204969 /* Frameworks */,
				FA6CB5BA22BB8EDC00204969 /* Resources */,
			);
			buildRules = (
			);
			dependencies = (
				FA6CB5BE22BB8EDC00204969 /* PBXTargetDependency */,
			);
			name = "Time TablesTests";
			productName = "Time TablesTests";
			productReference = FA6CB5BC22BB8EDC00204969 /* Time TablesTests.xctest */;
			productType = "com.apple.product-type.bundle.unit-test";
		};
		FA6CB5C622BB8EDC00204969 /* Time TablesUITests */ = {
			isa = PBXNativeTarget;
			buildConfigurationList = FA6CB5D622BB8EDC00204969 /* Build configuration list for PBXNativeTarget "Time TablesUITests" */;
			buildPhases = (
				FA6CB5C322BB8EDC00204969 /* Sources */,
				FA6CB5C422BB8EDC00204969 /* Frameworks */,
				FA6CB5C522BB8EDC00204969 /* Resources */,
			);
			buildRules = (
			);
			dependencies = (
				FA6CB5C922BB8EDC00204969 /* PBXTargetDependency */,
			);
			name = "Time TablesUITests";
			productName = "Time TablesUITests";
			productReference = FA6CB5C722BB8EDC00204969 /* Time TablesUITests.xctest */;
			productType = "com.apple.product-type.bundle.ui-testing";
		};
/* End PBXNativeTarget section */

/* Begin PBXProject section */
		FA6CB59D22BB8EDA00204969 /* Project object */ = {
			isa = PBXProject;
			attributes = {
				LastSwiftUpdateCheck = 1020;
				LastUpgradeCheck = 1020;
				ORGANIZATIONNAME = macbook;
				TargetAttributes = {
					FA6CB5A422BB8EDA00204969 = {
						CreatedOnToolsVersion = 10.2.1;
					};
					FA6CB5BB22BB8EDC00204969 = {
						CreatedOnToolsVersion = 10.2.1;
						TestTargetID = FA6CB5A422BB8EDA00204969;
					};
					FA6CB5C622BB8EDC00204969 = {
						CreatedOnToolsVersion = 10.2.1;
						TestTargetID = FA6CB5A422BB8EDA00204969;
					};
				};
			};
			buildConfigurationList = FA6CB5A022BB8EDA00204969 /* Build configuration list for PBXProject "Time Tables" */;
			compatibilityVersion = "Xcode 9.3";
			developmentRegion = en;
			hasScannedForEncodings = 0;
			knownRegions = (
				en,
				Base,
			);
			mainGroup = FA6CB59C22BB8EDA00204969;
			productRefGroup = FA6CB5A622BB8EDA00204969 /* Products */;
			projectDirPath = "";
			projectRoot = "";
			targets = (
				FA6CB5A422BB8EDA00204969 /* Time Tables */,
				FA6CB5BB22BB8EDC00204969 /* Time TablesTests */,
				FA6CB5C622BB8EDC00204969 /* Time TablesUITests */,
			);
		};
/* End PBXProject section */

/* Begin PBXResourcesBuildPhase section */
		FA6CB5A322BB8EDA00204969 /* Resources */ = {
			isa = PBXResourcesBuildPhase;
			buildActionMask = 2147483647;
			files = (
				FA6CB5B622BB8EDC00204969 /* LaunchScreen.storyboard in Resources */,
				FA6CB5B322BB8EDC00204969 /* Assets.xcassets in Resources */,
				FA6CB5AE22BB8EDA00204969 /* Main.storyboard in Resources */,
			);
			runOnlyForDeploymentPostprocessing = 0;
		};
		FA6CB5BA22BB8EDC00204969 /* Resources */ = {
			isa = PBXResourcesBuildPhase;
			buildActionMask = 2147483647;
			files = (
			);
			runOnlyForDeploymentPostprocessing = 0;
		};
		FA6CB5C522BB8EDC00204969 /* Resources */ = {
			isa = PBXResourcesBuildPhase;
			buildActionMask = 2147483647;
			files = (
			);
			runOnlyForDeploymentPostprocessing = 0;
		};
/* End PBXResourcesBuildPhase section */

/* Begin PBXSourcesBuildPhase section */
		FA6CB5A122BB8EDA00204969 /* Sources */ = {
			isa = PBXSourcesBuildPhase;
			buildActionMask = 2147483647;
			files = (
				FA6CB5AB22BB8EDA00204969 /* ViewController.swift in Sources */,
				FA6CB5A922BB8EDA00204969 /* AppDelegate.swift in Sources */,
				FA6CB5B122BB8EDA00204969 /* Time_Tables.xcdatamodeld in Sources */,
			);
			runOnlyForDeploymentPostprocessing = 0;
		};
		FA6CB5B822BB8EDC00204969 /* Sources */ = {
			isa = PBXSourcesBuildPhase;
			buildActionMask = 2147483647;
			files = (
				FA6CB5C122BB8EDC00204969 /* Time_TablesTests.swift in Sources */,
			);
			runOnlyForDeploymentPostprocessing = 0;
		};
		FA6CB5C322BB8EDC00204969 /* Sources */ = {
			isa = PBXSourcesBuildPhase;
			buildActionMask = 2147483647;
			files = (
				FA6CB5CC22BB8EDC00204969 /* Time_TablesUITests.swift in Sources */,
			);
			runOnlyForDeploymentPostprocessing = 0;
		};
/* End PBXSourcesBuildPhase section */

/* Begin PBXTargetDependency section */
		FA6CB5BE22BB8EDC00204969 /* PBXTargetDependency */ = {
			isa = PBXTargetDependency;
			target = FA6CB5A422BB8EDA00204969 /* Time Tables */;
			targetProxy = FA6CB5BD22BB8EDC00204969 /* PBXContainerItemProxy */;
		};
		FA6CB5C922BB8EDC00204969 /* PBXTargetDependency */ = {
			isa = PBXTargetDependency;
			target = FA6CB5A422BB8EDA00204969 /* Time Tables */;
			targetProxy = FA6CB5C822BB8EDC00204969 /* PBXContainerItemProxy */;
		};
/* End PBXTargetDependency section */

/* Begin PBXVariantGroup section */
		FA6CB5AC22BB8EDA00204969 /* Main.storyboard */ = {
			isa = PBXVariantGroup;
			children = (
				FA6CB5AD22BB8EDA00204969 /* Base */,
			);
			name = Main.storyboard;
			sourceTree = "<group>";
		};
		FA6CB5B422BB8EDC00204969 /* LaunchScreen.storyboard */ = {
			isa = PBXVariantGroup;
			children = (
				FA6CB5B522BB8EDC00204969 /* Base */,
			);
			name = LaunchScreen.storyboard;
			sourceTree = "<group>";
		};
/* End PBXVariantGroup section */

/* Begin XCBuildConfiguration section */
		FA6CB5CE22BB8EDC00204969 /* Debug */ = {
			isa = XCBuildConfiguration;
			buildSettings = {
				ALWAYS_SEARCH_USER_PATHS = NO;
				CLANG_ANALYZER_NONNULL = YES;
				CLANG_ANALYZER_NUMBER_OBJECT_CONVERSION = YES_AGGRESSIVE;
				CLANG_CXX_LANGUAGE_STANDARD = "gnu++14";
				CLANG_CXX_LIBRARY = "libc++";
				CLANG_ENABLE_MODULES = YES;
				CLANG_ENABLE_OBJC_ARC = YES;
				CLANG_ENABLE_OBJC_WEAK = YES;
				CLANG_WARN_BLOCK_CAPTURE_AUTORELEASING = YES;
				CLANG_WARN_BOOL_CONVERSION = YES;
				CLANG_WARN_COMMA = YES;
				CLANG_WARN_CONSTANT_CONVERSION = YES;
				CLANG_WARN_DEPRECATED_OBJC_IMPLEMENTATIONS = YES;
				CLANG_WARN_DIRECT_OBJC_ISA_USAGE = YES_ERROR;
				CLANG_WARN_DOCUMENTATION_COMMENTS = YES;
				CLANG_WARN_EMPTY_BODY = YES;
				CLANG_WARN_ENUM_CONVERSION = YES;
				CLANG_WARN_INFINITE_RECURSION = YES;
				CLANG_WARN_INT_CONVERSION = YES;
				CLANG_WARN_NON_LITERAL_NULL_CONVERSION = YES;
				CLANG_WARN_OBJC_IMPLICIT_RETAIN_SELF = YES;
				CLANG_WARN_OBJC_LITERAL_CONVERSION = YES;
				CLANG_WARN_OBJC_ROOT_CLASS = YES_ERROR;
				CLANG_WARN_RANGE_LOOP_ANALYSIS = YES;
				CLANG_WARN_STRICT_PROTOTYPES = YES;
				CLANG_WARN_SUSPICIOUS_MOVE = YES;
				CLANG_WARN_UNGUARDED_AVAILABILITY = YES_AGGRESSIVE;
				CLANG_WARN_UNREACHABLE_CODE = YES;
				CLANG_WARN__DUPLICATE_METHOD_MATCH = YES;
				CODE_SIGN_IDENTITY = "iPhone Developer";
				COPY_PHASE_STRIP = NO;
				DEBUG_INFORMATION_FORMAT = dwarf;
				ENABLE_STRICT_OBJC_MSGSEND = YES;
				ENABLE_TESTABILITY = YES;
				GCC_C_LANGUAGE_STANDARD = gnu11;
				GCC_DYNAMIC_NO_PIC = NO;
				GCC_NO_COMMON_BLOCKS = YES;
				GCC_OPTIMIZATION_LEVEL = 0;
				GCC_PREPROCESSOR_DEFINITIONS = (
					"DEBUG=1",
					"$(inherited)",
				);
				GCC_WARN_64_TO_32_BIT_CONVERSION = YES;
				GCC_WARN_ABOUT_RETURN_TYPE = YES_ERROR;
				GCC_WARN_UNDECLARED_SELECTOR = YES;
				GCC_WARN_UNINITIALIZED_AUTOS = YES_AGGRESSIVE;
				GCC_WARN_UNUSED_FUNCTION = YES;
				GCC_WARN_UNUSED_VARIABLE = YES;
				IPHONEOS_DEPLOYMENT_TARGET = 12.2;
				MTL_ENABLE_DEBUG_INFO = INCLUDE_SOURCE;
				MTL_FAST_MATH = YES;
				ONLY_ACTIVE_ARCH = YES;
				SDKROOT = iphoneos;
				SWIFT_ACTIVE_COMPILATION_CONDITIONS = DEBUG;
				SWIFT_OPTIMIZATION_LEVEL = "-Onone";
			};
			name = Debug;
		};
		FA6CB5CF22BB8EDC00204969 /* Release */ = {
			isa = XCBuildConfiguration;
			buildSettings = {
				ALWAYS_SEARCH_USER_PATHS = NO;
				CLANG_ANALYZER_NONNULL = YES;
				CLANG_ANALYZER_NUMBER_OBJECT_CONVERSION = YES_AGGRESSIVE;
				CLANG_CXX_LANGUAGE_STANDARD = "gnu++14";
				CLANG_CXX_LIBRARY = "libc++";
				CLANG_ENABLE_MODULES = YES;
				CLANG_ENABLE_OBJC_ARC = YES;
				CLANG_ENABLE_OBJC_WEAK = YES;
				CLANG_WARN_BLOCK_CAPTURE_AUTORELEASING = YES;
				CLANG_WARN_BOOL_CONVERSION = YES;
				CLANG_WARN_COMMA = YES;
				CLANG_WARN_CONSTANT_CONVERSION = YES;
				CLANG_WARN_DEPRECATED_OBJC_IMPLEMENTATIONS = YES;
				CLANG_WARN_DIRECT_OBJC_ISA_USAGE = YES_ERROR;
				CLANG_WARN_DOCUMENTATION_COMMENTS = YES;
				CLANG_WARN_EMPTY_BODY = YES;
				CLANG_WARN_ENUM_CONVERSION = YES;
				CLANG_WARN_INFINITE_RECURSION = YES;
				CLANG_WARN_INT_CONVERSION = YES;
				CLANG_WARN_NON_LITERAL_NULL_CONVERSION = YES;
				CLANG_WARN_OBJC_IMPLICIT_RETAIN_SELF = YES;
				CLANG_WARN_OBJC_LITERAL_CONVERSION = YES;
				CLANG_WARN_OBJC_ROOT_CLASS = YES_ERROR;
				CLANG_WARN_RANGE_LOOP_ANALYSIS = YES;
				CLANG_WARN_STRICT_PROTOTYPES = YES;
				CLANG_WARN_SUSPICIOUS_MOVE = YES;
				CLANG_WARN_UNGUARDED_AVAILABILITY = YES_AGGRESSIVE;
				CLANG_WARN_UNREACHABLE_CODE = YES;
				CLANG_WARN__DUPLICATE_METHOD_MATCH = YES;
				CODE_SIGN_IDENTITY = "iPhone Developer";
				COPY_PHASE_STRIP = NO;
				DEBUG_INFORMATION_FORMAT = "dwarf-with-dsym";
				ENABLE_NS_ASSERTIONS = NO;
				ENABLE_STRICT_OBJC_MSGSEND = YES;
				GCC_C_LANGUAGE_STANDARD = gnu11;
				GCC_NO_COMMON_BLOCKS = YES;
				GCC_WARN_64_TO_32_BIT_CONVERSION = YES;
				GCC_WARN_ABOUT_RETURN_TYPE = YES_ERROR;
				GCC_WARN_UNDECLARED_SELECTOR = YES;
				GCC_WARN_UNINITIALIZED_AUTOS = YES_AGGRESSIVE;
				GCC_WARN_UNUSED_FUNCTION = YES;
				GCC_WARN_UNUSED_VARIABLE = YES;
				IPHONEOS_DEPLOYMENT_TARGET = 12.2;
				MTL_ENABLE_DEBUG_INFO = NO;
				MTL_FAST_MATH = YES;
				SDKROOT = iphoneos;
				SWIFT_COMPILATION_MODE = wholemodule;
				SWIFT_OPTIMIZATION_LEVEL = "-O";
				VALIDATE_PRODUCT = YES;
			};
			name = Release;
		};
		FA6CB5D122BB8EDC00204969 /* Debug */ = {
			isa = XCBuildConfiguration;
			buildSettings = {
				ASSETCATALOG_COMPILER_APPICON_NAME = AppIcon;
				CODE_SIGN_STYLE = Automatic;
				INFOPLIST_FILE = "Time Tables/Info.plist";
				LD_RUNPATH_SEARCH_PATHS = (
					"$(inherited)",
					"@executable_path/Frameworks",
				);
				PRODUCT_BUNDLE_IDENTIFIER = "com.Time-Tables";
				PRODUCT_NAME = "$(TARGET_NAME)";
				SWIFT_VERSION = 5.0;
				TARGETED_DEVICE_FAMILY = "1,2";
			};
			name = Debug;
		};
		FA6CB5D222BB8EDC00204969 /* Release */ = {
			isa = XCBuildConfiguration;
			buildSettings = {
				ASSETCATALOG_COMPILER_APPICON_NAME = AppIcon;
				CODE_SIGN_STYLE = Automatic;
				INFOPLIST_FILE = "Time Tables/Info.plist";
				LD_RUNPATH_SEARCH_PATHS = (
					"$(inherited)",
					"@executable_path/Frameworks",
				);
				PRODUCT_BUNDLE_IDENTIFIER = "com.Time-Tables";
				PRODUCT_NAME = "$(TARGET_NAME)";
				SWIFT_VERSION = 5.0;
				TARGETED_DEVICE_FAMILY = "1,2";
			};
			name = Release;
		};
		FA6CB5D422BB8EDC00204969 /* Debug */ = {
			isa = XCBuildConfiguration;
			buildSettings = {
				ALWAYS_EMBED_SWIFT_STANDARD_LIBRARIES = YES;
				BUNDLE_LOADER = "$(TEST_HOST)";
				CODE_SIGN_STYLE = Automatic;
				INFOPLIST_FILE = "Time TablesTests/Info.plist";
				LD_RUNPATH_SEARCH_PATHS = (
					"$(inherited)",
					"@executable_path/Frameworks",
					"@loader_path/Frameworks",
				);
				PRODUCT_BUNDLE_IDENTIFIER = "com.Time-TablesTests";
				PRODUCT_NAME = "$(TARGET_NAME)";
				SWIFT_VERSION = 5.0;
				TARGETED_DEVICE_FAMILY = "1,2";
				TEST_HOST = "$(BUILT_PRODUCTS_DIR)/Time Tables.app/Time Tables";
			};
			name = Debug;
		};
		FA6CB5D522BB8EDC00204969 /* Release */ = {
			isa = XCBuildConfiguration;
			buildSettings = {
				ALWAYS_EMBED_SWIFT_STANDARD_LIBRARIES = YES;
				BUNDLE_LOADER = "$(TEST_HOST)";
				CODE_SIGN_STYLE = Automatic;
				INFOPLIST_FILE = "Time TablesTests/Info.plist";
				LD_RUNPATH_SEARCH_PATHS = (
					"$(inherited)",
					"@executable_path/Frameworks",
					"@loader_path/Frameworks",
				);
				PRODUCT_BUNDLE_IDENTIFIER = "com.Time-TablesTests";
				PRODUCT_NAME = "$(TARGET_NAME)";
				SWIFT_VERSION = 5.0;
				TARGETED_DEVICE_FAMILY = "1,2";
				TEST_HOST = "$(BUILT_PRODUCTS_DIR)/Time Tables.app/Time Tables";
			};
			name = Release;
		};
		FA6CB5D722BB8EDC00204969 /* Debug */ = {
			isa = XCBuildConfiguration;
			buildSettings = {
				ALWAYS_EMBED_SWIFT_STANDARD_LIBRARIES = YES;
				CODE_SIGN_STYLE = Automatic;
				INFOPLIST_FILE = "Time TablesUITests/Info.plist";
				LD_RUNPATH_SEARCH_PATHS = (
					"$(inherited)",
					"@executable_path/Frameworks",
					"@loader_path/Frameworks",
				);
				PRODUCT_BUNDLE_IDENTIFIER = "com.Time-TablesUITests";
				PRODUCT_NAME = "$(TARGET_NAME)";
				SWIFT_VERSION = 5.0;
				TARGETED_DEVICE_FAMILY = "1,2";
				TEST_TARGET_NAME = "Time Tables";
			};
			name = Debug;
		};
		FA6CB5D822BB8EDC00204969 /* Release */ = {
			isa = XCBuildConfiguration;
			buildSettings = {
				ALWAYS_EMBED_SWIFT_STANDARD_LIBRARIES = YES;
				CODE_SIGN_STYLE = Automatic;
				INFOPLIST_FILE = "Time TablesUITests/Info.plist";
				LD_RUNPATH_SEARCH_PATHS = (
					"$(inherited)",
					"@executable_path/Frameworks",
					"@loader_path/Frameworks",
				);
				PRODUCT_BUNDLE_IDENTIFIER = "com.Time-TablesUITests";
				PRODUCT_NAME = "$(TARGET_NAME)";
				SWIFT_VERSION = 5.0;
				TARGETED_DEVICE_FAMILY = "1,2";
				TEST_TARGET_NAME = "Time Tables";
			};
			name = Release;
		};
/* End XCBuildConfiguration section */

/* Begin XCConfigurationList section */
		FA6CB5A022BB8EDA00204969 /* Build configuration list for PBXProject "Time Tables" */ = {
			isa = XCConfigurationList;
			buildConfigurations = (
				FA6CB5CE22BB8EDC00204969 /* Debug */,
				FA6CB5CF22BB8EDC00204969 /* Release */,
			);
			defaultConfigurationIsVisible = 0;
			defaultConfigurationName = Release;
		};
		FA6CB5D022BB8EDC00204969 /* Build configuration list for PBXNativeTarget "Time Tables" */ = {
			isa = XCConfigurationList;
			buildConfigurations = (
				FA6CB5D122BB8EDC00204969 /* Debug */,
				FA6CB5D222BB8EDC00204969 /* Release */,
			);
			defaultConfigurationIsVisible = 0;
			defaultConfigurationName = Release;
		};
		FA6CB5D322BB8EDC00204969 /* Build configuration list for PBXNativeTarget "Time TablesTests" */ = {
			isa = XCConfigurationList;
			buildConfigurations = (
				FA6CB5D422BB8EDC00204969 /* Debug */,
				FA6CB5D522BB8EDC00204969 /* Release */,
			);
			defaultConfigurationIsVisible = 0;
			defaultConfigurationName = Release;
		};
		FA6CB5D622BB8EDC00204969 /* Build configuration list for PBXNativeTarget "Time TablesUITests" */ = {
			isa = XCConfigurationList;
			buildConfigurations = (
				FA6CB5D722BB8EDC00204969 /* Debug */,
				FA6CB5D822BB8EDC00204969 /* Release */,
			);
			defaultConfigurationIsVisible = 0;
			defaultConfigurationName = Release;
		};
/* End XCConfigurationList section */

/* Begin XCVersionGroup section */
		FA6CB5AF22BB8EDA00204969 /* Time_Tables.xcdatamodeld */ = {
			isa = XCVersionGroup;
			children = (
				FA6CB5B022BB8EDA00204969 /* Time_Tables.xcdatamodel */,
			);
			currentVersion = FA6CB5B022BB8EDA00204969 /* Time_Tables.xcdatamodel */;
			path = Time_Tables.xcdatamodeld;
			sourceTree = "<group>";
			versionGroupType = wrapper.xcdatamodel;
		};
/* End XCVersionGroup section */
	};
	rootObject = FA6CB59D22BB8EDA00204969 /* Project object */;
}
